{
  "version": 4,
  "terraform_version": "1.11.4",
  "serial": 128,
  "lineage": "30803311-277e-d7c9-f0bc-445a69231dc3",
  "outputs": {},
  "resources": [
    {
      "module": "module.db_subnet_group",
      "mode": "managed",
      "type": "aws_db_subnet_group",
      "name": "this",
      "provider": "provider[\"registry.terraform.io/hashicorp/aws\"]",
      "instances": [
        {
          "schema_version": 0,
          "attributes": {
            "arn": "arn:aws:rds:us-east-2:761014375856:subgrp:rds-subnet-group",
            "description": "Managed by Terraform",
            "id": "rds-subnet-group",
            "name": "rds-subnet-group",
            "name_prefix": "",
            "subnet_ids": [
              "subnet-09573f169442e4603",
              "subnet-0eb89d1a624a599a4"
            ],
            "supported_network_types": [
              "IPV4"
            ],
            "tags": {
              "Name": "RDS Subnet Group",
              "environment": "Development",
              "owner": "Breno Kevin Xavier Silva"
            },
            "tags_all": {
              "Name": "RDS Subnet Group",
              "environment": "Development",
              "owner": "Breno Kevin Xavier Silva"
            },
            "vpc_id": "vpc-0f32bb98809d09932"
          },
          "sensitive_attributes": [],
          "private": "bnVsbA==",
          "dependencies": [
            "module.internet-gateway.aws_internet_gateway.IGW-DATACOSMO",
            "module.nat-gateway.aws_eip.NAT-DATACOSMO",
            "module.nat-gateway.aws_nat_gateway.NGW-DATACOSMO",
            "module.route-table.aws_route_table.RT-PRIVATE-DATACOSMO",
            "module.route-table.aws_route_table.RT-PUBLIC-DATACOSMO",
            "module.route-table.aws_route_table_association.RT-PRIVATE-DATACOSMO-1-a",
            "module.route-table.aws_route_table_association.RT-PRIVATE-DATACOSMO-2-b",
            "module.route-table.aws_route_table_association.RT-PUBLIC-DATACOSMO-1-a",
            "module.route-table.aws_route_table_association.RT-PUBLIC-DATACOSMO-2-b",
            "module.subnet.aws_subnet.SUB-PRIVATE-DATACOSMO-01",
            "module.subnet.aws_subnet.SUB-PRIVATE-DATACOSMO-02",
            "module.subnet.aws_subnet.SUB-PUBLIC-DATACOSMO-01",
            "module.subnet.aws_subnet.SUB-PUBLIC-DATACOSMO-02",
            "module.vpc.aws_vpc.VPC-DATACOSMO"
          ]
        }
      ]
    },
    {
      "module": "module.ec2-bastion-public",
      "mode": "managed",
      "type": "aws_instance",
      "name": "this",
      "provider": "provider[\"registry.terraform.io/hashicorp/aws\"]",
      "instances": [
        {
          "schema_version": 1,
          "attributes": {
            "ami": "ami-058a8a5ab36292159",
            "arn": "arn:aws:ec2:us-east-2:761014375856:instance/i-028b23d56d4f89355",
            "associate_public_ip_address": true,
            "availability_zone": "us-east-2a",
            "capacity_reservation_specification": [
              {
                "capacity_reservation_preference": "open",
                "capacity_reservation_target": []
              }
            ],
            "cpu_core_count": 1,
            "cpu_options": [
              {
                "amd_sev_snp": "",
                "core_count": 1,
                "threads_per_core": 1
              }
            ],
            "cpu_threads_per_core": 1,
            "credit_specification": [
              {
                "cpu_credits": "standard"
              }
            ],
            "disable_api_stop": false,
            "disable_api_termination": false,
            "ebs_block_device": [],
            "ebs_optimized": false,
            "enable_primary_ipv6": null,
            "enclave_options": [
              {
                "enabled": false
              }
            ],
            "ephemeral_block_device": [],
            "get_password_data": false,
            "hibernation": false,
            "host_id": "",
            "host_resource_group_arn": null,
            "iam_instance_profile": "",
            "id": "i-028b23d56d4f89355",
            "instance_initiated_shutdown_behavior": "stop",
            "instance_lifecycle": "",
            "instance_market_options": [],
            "instance_state": "running",
            "instance_type": "t2.micro",
            "ipv6_address_count": 0,
            "ipv6_addresses": [],
            "key_name": "bastion-key",
            "launch_template": [],
            "maintenance_options": [
              {
                "auto_recovery": "default"
              }
            ],
            "metadata_options": [
              {
                "http_endpoint": "enabled",
                "http_protocol_ipv6": "disabled",
                "http_put_response_hop_limit": 2,
                "http_tokens": "required",
                "instance_metadata_tags": "disabled"
              }
            ],
            "monitoring": false,
            "network_interface": [],
            "outpost_arn": "",
            "password_data": "",
            "placement_group": "",
            "placement_partition_number": 0,
            "primary_network_interface_id": "eni-0bd6c06a3e5a3488c",
            "private_dns": "ip-10-232-44-241.us-east-2.compute.internal",
            "private_dns_name_options": [
              {
                "enable_resource_name_dns_a_record": false,
                "enable_resource_name_dns_aaaa_record": false,
                "hostname_type": "ip-name"
              }
            ],
            "private_ip": "10.232.44.241",
            "public_dns": "ec2-3-135-190-120.us-east-2.compute.amazonaws.com",
            "public_ip": "3.135.190.120",
            "root_block_device": [
              {
                "delete_on_termination": true,
                "device_name": "/dev/xvda",
                "encrypted": false,
                "iops": 3000,
                "kms_key_id": "",
                "tags": {},
                "tags_all": {},
                "throughput": 125,
                "volume_id": "vol-0a098566d5ceb11e1",
                "volume_size": 8,
                "volume_type": "gp3"
              }
            ],
            "secondary_private_ips": [],
            "security_groups": [],
            "source_dest_check": true,
            "spot_instance_request_id": "",
            "subnet_id": "subnet-0abc9f37eae065a18",
            "tags": {
              "Name": "ec2-bastion-public",
              "environment": "Development",
              "owner": "Breno Kevin Xavier Silva"
            },
            "tags_all": {
              "Name": "ec2-bastion-public",
              "environment": "Development",
              "owner": "Breno Kevin Xavier Silva"
            },
            "tenancy": "default",
            "timeouts": null,
            "user_data": null,
            "user_data_base64": null,
            "user_data_replace_on_change": false,
            "volume_tags": null,
            "vpc_security_group_ids": [
              "sg-009c2eb6c565167d1"
            ]
          },
          "sensitive_attributes": [],
          "private": "eyJlMmJmYjczMC1lY2FhLTExZTYtOGY4OC0zNDM2M2JjN2M0YzAiOnsiY3JlYXRlIjo2MDAwMDAwMDAwMDAsImRlbGV0ZSI6MTIwMDAwMDAwMDAwMCwicmVhZCI6OTAwMDAwMDAwMDAwLCJ1cGRhdGUiOjYwMDAwMDAwMDAwMH0sInNjaGVtYV92ZXJzaW9uIjoiMSJ9",
          "dependencies": [
            "module.internet-gateway.aws_internet_gateway.IGW-DATACOSMO",
            "module.nat-gateway.aws_eip.NAT-DATACOSMO",
            "module.nat-gateway.aws_nat_gateway.NGW-DATACOSMO",
            "module.route-table.aws_route_table.RT-PRIVATE-DATACOSMO",
            "module.route-table.aws_route_table.RT-PUBLIC-DATACOSMO",
            "module.route-table.aws_route_table_association.RT-PRIVATE-DATACOSMO-1-a",
            "module.route-table.aws_route_table_association.RT-PRIVATE-DATACOSMO-2-b",
            "module.route-table.aws_route_table_association.RT-PUBLIC-DATACOSMO-1-a",
            "module.route-table.aws_route_table_association.RT-PUBLIC-DATACOSMO-2-b",
            "module.sg_public.aws_security_group.this",
            "module.subnet.aws_subnet.SUB-PRIVATE-DATACOSMO-01",
            "module.subnet.aws_subnet.SUB-PRIVATE-DATACOSMO-02",
            "module.subnet.aws_subnet.SUB-PUBLIC-DATACOSMO-01",
            "module.subnet.aws_subnet.SUB-PUBLIC-DATACOSMO-02",
            "module.vpc.aws_vpc.VPC-DATACOSMO"
          ]
        }
      ]
    },
    {
      "module": "module.ec2-vpn-server-private",
      "mode": "managed",
      "type": "aws_instance",
      "name": "this",
      "provider": "provider[\"registry.terraform.io/hashicorp/aws\"]",
      "instances": [
        {
          "schema_version": 1,
          "attributes": {
            "ami": "ami-058a8a5ab36292159",
            "arn": "arn:aws:ec2:us-east-2:761014375856:instance/i-0667d516a92a18260",
            "associate_public_ip_address": false,
            "availability_zone": "us-east-2a",
            "capacity_reservation_specification": [
              {
                "capacity_reservation_preference": "open",
                "capacity_reservation_target": []
              }
            ],
            "cpu_core_count": 1,
            "cpu_options": [
              {
                "amd_sev_snp": "",
                "core_count": 1,
                "threads_per_core": 1
              }
            ],
            "cpu_threads_per_core": 1,
            "credit_specification": [
              {
                "cpu_credits": "standard"
              }
            ],
            "disable_api_stop": false,
            "disable_api_termination": false,
            "ebs_block_device": [],
            "ebs_optimized": false,
            "enable_primary_ipv6": null,
            "enclave_options": [
              {
                "enabled": false
              }
            ],
            "ephemeral_block_device": [],
            "get_password_data": false,
            "hibernation": false,
            "host_id": "",
            "host_resource_group_arn": null,
            "iam_instance_profile": "",
            "id": "i-0667d516a92a18260",
            "instance_initiated_shutdown_behavior": "stop",
            "instance_lifecycle": "",
            "instance_market_options": [],
            "instance_state": "running",
            "instance_type": "t2.micro",
            "ipv6_address_count": 0,
            "ipv6_addresses": [],
            "key_name": "private-ec2-key",
            "launch_template": [],
            "maintenance_options": [
              {
                "auto_recovery": "default"
              }
            ],
            "metadata_options": [
              {
                "http_endpoint": "enabled",
                "http_protocol_ipv6": "disabled",
                "http_put_response_hop_limit": 2,
                "http_tokens": "required",
                "instance_metadata_tags": "disabled"
              }
            ],
            "monitoring": false,
            "network_interface": [],
            "outpost_arn": "",
            "password_data": "",
            "placement_group": "",
            "placement_partition_number": 0,
            "primary_network_interface_id": "eni-0fbb0cb157a3d0ea2",
            "private_dns": "ip-10-232-46-35.us-east-2.compute.internal",
            "private_dns_name_options": [
              {
                "enable_resource_name_dns_a_record": false,
                "enable_resource_name_dns_aaaa_record": false,
                "hostname_type": "ip-name"
              }
            ],
            "private_ip": "10.232.46.35",
            "public_dns": "",
            "public_ip": "",
            "root_block_device": [
              {
                "delete_on_termination": true,
                "device_name": "/dev/xvda",
                "encrypted": false,
                "iops": 3000,
                "kms_key_id": "",
                "tags": {},
                "tags_all": {},
                "throughput": 125,
                "volume_id": "vol-0f151b08e4118bbda",
                "volume_size": 8,
                "volume_type": "gp3"
              }
            ],
            "secondary_private_ips": [],
            "security_groups": [],
            "source_dest_check": true,
            "spot_instance_request_id": "",
            "subnet_id": "subnet-0eb89d1a624a599a4",
            "tags": {
              "Name": "ec2-vpn-server-private",
              "environment": "Development",
              "owner": "Breno Kevin Xavier Silva"
            },
            "tags_all": {
              "Name": "ec2-vpn-server-private",
              "environment": "Development",
              "owner": "Breno Kevin Xavier Silva"
            },
            "tenancy": "default",
            "timeouts": null,
            "user_data": null,
            "user_data_base64": null,
            "user_data_replace_on_change": false,
            "volume_tags": null,
            "vpc_security_group_ids": [
              "sg-07af92cf55725da0a"
            ]
          },
          "sensitive_attributes": [],
          "private": "eyJlMmJmYjczMC1lY2FhLTExZTYtOGY4OC0zNDM2M2JjN2M0YzAiOnsiY3JlYXRlIjo2MDAwMDAwMDAwMDAsImRlbGV0ZSI6MTIwMDAwMDAwMDAwMCwicmVhZCI6OTAwMDAwMDAwMDAwLCJ1cGRhdGUiOjYwMDAwMDAwMDAwMH0sInNjaGVtYV92ZXJzaW9uIjoiMSJ9",
          "dependencies": [
            "module.internet-gateway.aws_internet_gateway.IGW-DATACOSMO",
            "module.nat-gateway.aws_eip.NAT-DATACOSMO",
            "module.nat-gateway.aws_nat_gateway.NGW-DATACOSMO",
            "module.route-table.aws_route_table.RT-PRIVATE-DATACOSMO",
            "module.route-table.aws_route_table.RT-PUBLIC-DATACOSMO",
            "module.route-table.aws_route_table_association.RT-PRIVATE-DATACOSMO-1-a",
            "module.route-table.aws_route_table_association.RT-PRIVATE-DATACOSMO-2-b",
            "module.route-table.aws_route_table_association.RT-PUBLIC-DATACOSMO-1-a",
            "module.route-table.aws_route_table_association.RT-PUBLIC-DATACOSMO-2-b",
            "module.sg_private.aws_security_group.this",
            "module.subnet.aws_subnet.SUB-PRIVATE-DATACOSMO-01",
            "module.subnet.aws_subnet.SUB-PRIVATE-DATACOSMO-02",
            "module.subnet.aws_subnet.SUB-PUBLIC-DATACOSMO-01",
            "module.subnet.aws_subnet.SUB-PUBLIC-DATACOSMO-02",
            "module.vpc.aws_vpc.VPC-DATACOSMO"
          ]
        }
      ]
    },
    {
      "module": "module.ec2_key",
      "mode": "managed",
      "type": "aws_key_pair",
      "name": "this",
      "provider": "provider[\"registry.terraform.io/hashicorp/aws\"]",
      "instances": [
        {
          "schema_version": 1,
          "attributes": {
            "arn": "arn:aws:ec2:us-east-2:761014375856:key-pair/bastion-key",
            "fingerprint": "a3:ad:43:23:e6:44:88:0b:50:fd:5f:c4:0d:03:4b:5d",
            "id": "bastion-key",
            "key_name": "bastion-key",
            "key_name_prefix": "",
            "key_pair_id": "key-0fb619baf725ff4a7",
            "key_type": "rsa",
            "public_key": "ssh-rsa AAAAB3NzaC1yc2EAAAADAQABAAACAQCiLdE3E75jTGFn0edo3At0M+AWOqptGPwE4EFQe7jaAbO1iyOs13vEh8wYmMJwzaOaN+im8qpIS9Xtg/F6tOvNKfB4HKCMPGlHZGmfLFYBoy5SRh9fFQasZEPl8MA21KQXQYFRy0xfE6Ev6ftZJC/nph25vnOR/MIhGUzfZCP2Ah7h7MDLT/hfI2nST2JDSZIVjjrxBqw9P3E3ZJAKj3EU5i8DLZK7f6v/msGJ/0nY042cxKFkO64UHkSO108T2OUMyAgoIW32X1Ps0wtayspD2N5uLxYHzPD0TCRkurqwrV1cNU+9uDMhJyncax09wihsdwzY4oZPxvba+keSqC4ig202LH8PzYQ4MhfIy4ys30BMQBhPJebJkG7XqHrXfYBhdb+IiKkJjmuavQ+2C2KlnBEA0c00JTcSI0NqYBMNjAg+ycxqxYkZU1Easz+VWAlYZUmtDtaBb7q6eSMuS+TrlljxgZcE479q/UntHDzTDZN1SDRhVcHBO4kampoeKdOeDeryHNtHdSDLATTc3v5cqYciqapMPtmifr6rOJHmObQY//I5xigrvdn0dbKrOIaYBt820T13v/h85lYDd8JvCiK7rHYIAzO44qCup7lWUSKxDGmTKLAiOaVr5LbbPJcJ+VgYxN5NbiUDz+d59Hm5SEKOG0wMnOX00vDssz/RIQ==",
            "tags": {
              "Name": "bastion-key",
              "environment": "Development",
              "owner": "Breno Kevin Xavier Silva"
            },
            "tags_all": {
              "Name": "bastion-key",
              "environment": "Development",
              "owner": "Breno Kevin Xavier Silva"
            }
          },
          "sensitive_attributes": [],
          "private": "eyJzY2hlbWFfdmVyc2lvbiI6IjEifQ==",
          "dependencies": [
            "module.ec2_key.tls_private_key.this"
          ]
        }
      ]
    },
    {
      "module": "module.ec2_key",
      "mode": "managed",
      "type": "local_file",
      "name": "private_key",
      "provider": "provider[\"registry.terraform.io/hashicorp/local\"]",
      "instances": [
        {
          "index_key": 0,
          "schema_version": 0,
          "attributes": {
            "content": "-----BEGIN RSA PRIVATE KEY-----\nMIIJKAIBAAKCAgEAoi3RNxO+Y0xhZ9HnaNwLdDPgFjqqbRj8BOBBUHu42gGztYsj\nrNd7xIfMGJjCcM2jmjfopvKqSEvV7YPxerTrzSnweBygjDxpR2RpnyxWAaMuUkYf\nXxUGrGRD5fDANtSkF0GBUctMXxOhL+n7WSQv56Ydub5zkfzCIRlM32Qj9gIe4ezA\ny0/4XyNp0k9iQ0mSFY468QasPT9xN2SQCo9xFOYvAy2Su3+r/5rBif9J2NONnMSh\nZDuuFB5EjtdPE9jlDMgIKCFt9l9T7NMLWsrKQ9jebi8WB8zw9EwkZLq6sK1dXDVP\nvbgzIScp3GsdPcIobHcM2OKGT8b22vpHkqguIoNtNix/D82EODIXyMuMrN9ATEAY\nTyXmyZBu16h6132AYXW/iIipCY5rmr0PtgtipZwRANHNNCU3EiNDamATDYwIPsnM\nasWJGVNRGrM/lVgJWGVJrQ7WgW+6unkjLkvk65ZY8YGXBOO/av1J7Rw80w2TdUg0\nYVXBwTuJGpqaHinTng3q8hzbR3UgywE03N7+XKmHIqmqTD7Zon6+qziR5jm0GP/y\nOcYoK73Z9HWyqziGmAbfNtE9d7/4fOZWA3fCbwoiu6x2CAMzuOKgrqe5VlEisQxp\nkyiwIjmla+S22zyXCflYGMTeTW4lA8/nefR5uUhCjhtMDJzl9NLw7LM/0SECAwEA\nAQKCAgA8uN7uuku8riqCTstQLaN0PMAYUprhAkvKH5UU514M8joxLQmMe5nxuc6n\nHvsedUBeS7SmXZF4RDyzE4XkpbzsMlnA/yb1muDoRCZv3I/PSSPc1jiEx0CaZ2gs\nvfmaDf/qXTJoR7AuoRDm+bqMY8oz97SFiVOIQ5UEA48OzVXRlHWvrY96EFU0efPz\nNJncC73QqFJVUGRJAmoHjXWJHq/+XTkY/YVFAsaJi44PdzBVKNCK8+xhtR62laah\nvOf0zG7mXDcBn5KmfobT0ykbM3aL9LVDmAmtngRR0/iEZo3j/OVJ0wQqSr+KGDnK\nN6jZKMst4V1ED3yufhaLYs5NkP7EgKuELoYlDeSCcbJFLw930LHvu+5v63Hl6UXE\nZ0YYumEaYk+rXDe6Fq0J/FYvrKZcCJlEUqtf93C7VzdB8Ag1oucPRGZIuozv/vIJ\nHvEhRSBpMSFgjVy+YV2AUaBzK+JDcK3N80JoLYDipovgL5BMOvQEwCMlhsZ2nVY5\nmpMCl9E/YpeJ0ZzY+vg6onqZ7fiS4FDgNxV8g4MtV2W6EJMaKQvPir00/DmjI8u9\nbZixLhaK6JZdab7ctWg7roROag8xjAjqxRiXSXFPzIymF+dIS7ngZdW/3VKgXtHP\nq/kMjZajR0pEsrP4e6AD3apHqPHJ0DKDIulXhn8VcmPpZWQiaQKCAQEAwy3+8XZh\n3SInDxjdGQwF5uwhQOoyeL3FnSHmwRI6OPaBCJue9+nAtn+GCaoksIh3M147EU0R\nsyAi7Hqr37E1Twz/nLVeIV4La2nBwhFWODJkRIXL8wHviSchXt8/RCsP1QD4kQzo\nVtqtSEKKenqwnA5yTz0b5OaWGmngm+5xZ6WJ4mm5gRRL1T4n+RFCQSJMzHpzMVf0\nlGTcZGtCW1q5m9GGW79qVwYYXQuZfH0H1/BTsB7h4oL6DBPAysppoMXHBjyvkMxh\nVdrMjtGOvhaEiohnXkpwM3aEkUScPz5t90kg/WyttKu7OHhDk2prcQewSwaoTA86\nUo8DSoxE2Z2kJwKCAQEA1LdEetZl0705p9GXaEGGUEz8V7tfp/zJfl+DyXDAe+A7\nPVDW5FLNFdxCAalsLz4pft1pgX1U+T/oBBMTg+2FvrIRweMlFkkdrnXb17jVaqVq\nVhzP0wRKz3rFc3qH2Ki8HPjsTgjVi7FuUclddopnmY7c/tngCOy5CdPESJyjsbf8\n4rdHk/dyj3OSyn09AfJWa/CS7SFgBcRorns0t8U9jty0FU2VbwW0ghkv/00P6Xfa\n+gg8D0FMhQpYF0nys9p2Mjx8LVJYbkkIDygWvzOv69iSANoodIqz5/7XjoK/9FVZ\nngd2MgOBwDzwAD99RrDKedxcb7sTGcIWwzL6FrZFdwKCAQAhwqr+iUOURHwNGHfm\nBTZgIyf9WoUwbWLpMxv++XAoujrHimOM7lnvN0+wDEYcYv57XClLbNFK8pwX24Av\nSS+3ZMAyEw0dKG9BPSHOt8D6J31AfQQyHHuadbJH/sWqvOgYJ/rW3Cy0GU8v2JKr\nbN1voPAU1LUmetwr5XR8hFoJW5DmIPN9aE1VrVKsuleDfLNcCzIxrs0XffrBQ+xO\ncPr6ANwEsq9qLhu4vHDoH5hjuaZAKJdZ3t3xiNkoOqrarFsosQaNPUz41MfdTFIs\nfyid7cozfRy7ShzUI9IC/oF27KdQLqQ9RBc2RVcrAJVlD7dmwtgJj/i+nw4qruiZ\n27KxAoIBAGPbvSwlZhwmouBjhj6NNC6SVYwiDF/iTf0jfcydP99nfqfkQV1ieaCf\ni+UX0g/DkNtbueHuImv4UkVHZ0vxv22sTqXEqm5x2JtD/PaicJ3mFatjTzTyuOP5\n8KOrjAZsABNh0B06DHXNz8pZS6UQiF4QMTL6uS+3YY55eZXU4wvVIcSU4edWrNMn\nIGwqqu81AtkdUPw9RMSwVaxDbpYu5B0jAu9VQqeh+AFzLZMebC/f8k6aewd2UiPK\nnVwhfOxtzDr9JhZop9buNfhXi4YrD5UaUEBSKde8HYT1n9/pBZAAWVfUjOoht1G1\nyb10EK2U5RicGFDjc64N7X2peroayzUCggEBAIgcMDRfWWh6p9VK2l/vasYpujpb\nEEaKV+ruOIlxMoBNPKxQrL5JMLyq9HVJJCGVp7AnEfu6sdsgwfMYLw9kejOvJBM8\nHtgy4DY8W1QmqmgORZAimzqhCCwkDTr11ivNz6cSFyKTYJV6mMuCUFkNZqjdijbg\nu5YXTzXN0OmTAYeVr99zRZcWDIttsne/1v5mbjba7Pgq/YEBi93cotIHcMyAjdji\n80GPumlXT4dCsTA8ymvpxHvmutsrt+8yr4C/AXasosBzf6vyAWk0ebV1qakhWLpt\napO4g/CNtzuspO+CzwQTUKCJ2me+Ud8yDALb37y0T/G4KxTqtsxkIrEKcLY=\n-----END RSA PRIVATE KEY-----\n",
            "content_base64": null,
            "content_base64sha256": "qeGTvtIfEOdrF6QcmXNPpWVzjtsCIkUlIeB+imyNfuo=",
            "content_base64sha512": "FlQ72b0ZLDzPdA1bB75SZE02iE96TgvYft7u5PURCqjVAn/svj1Z9z+u3FCGIa32UVhcK5ReD3opa6y9DYR2Xg==",
            "content_md5": "81414248e8cb3cf50f8568e591e73788",
            "content_sha1": "8255a5941d8ab434e433648a67fee363ef9cc089",
            "content_sha256": "a9e193bed21f10e76b17a41c99734fa565738edb0222452521e07e8a6c8d7eea",
            "content_sha512": "16543bd9bd192c3ccf740d5b07be52644d36884f7a4e0bd87edeeee4f5110aa8d5027fecbe3d59f73faedc508621adf651585c2b945e0f7a296bacbd0d84765e",
            "directory_permission": "0700",
            "file_permission": "0600",
            "filename": "bastion-key.pem",
            "id": "8255a5941d8ab434e433648a67fee363ef9cc089",
            "sensitive_content": null,
            "source": null
          },
          "sensitive_attributes": [
            [
              {
                "type": "get_attr",
                "value": "sensitive_content"
              }
            ],
            [
              {
                "type": "get_attr",
                "value": "content"
              }
            ]
          ],
          "dependencies": [
            "module.ec2_key.tls_private_key.this"
          ]
        }
      ]
    },
    {
      "module": "module.ec2_key",
      "mode": "managed",
      "type": "tls_private_key",
      "name": "this",
      "provider": "provider[\"registry.terraform.io/hashicorp/tls\"]",
      "instances": [
        {
          "schema_version": 1,
          "attributes": {
            "algorithm": "RSA",
            "ecdsa_curve": "P224",
            "id": "6c386269dd85015be615dd94b64b38ee978ce902",
            "private_key_openssh": "-----BEGIN OPENSSH PRIVATE KEY-----\nb3BlbnNzaC1rZXktdjEAAAAABG5vbmUAAAAEbm9uZQAAAAAAAAABAAACFwAAAAdz\nc2gtcnNhAAAAAwEAAQAAAgEAoi3RNxO+Y0xhZ9HnaNwLdDPgFjqqbRj8BOBBUHu4\n2gGztYsjrNd7xIfMGJjCcM2jmjfopvKqSEvV7YPxerTrzSnweBygjDxpR2RpnyxW\nAaMuUkYfXxUGrGRD5fDANtSkF0GBUctMXxOhL+n7WSQv56Ydub5zkfzCIRlM32Qj\n9gIe4ezAy0/4XyNp0k9iQ0mSFY468QasPT9xN2SQCo9xFOYvAy2Su3+r/5rBif9J\n2NONnMShZDuuFB5EjtdPE9jlDMgIKCFt9l9T7NMLWsrKQ9jebi8WB8zw9EwkZLq6\nsK1dXDVPvbgzIScp3GsdPcIobHcM2OKGT8b22vpHkqguIoNtNix/D82EODIXyMuM\nrN9ATEAYTyXmyZBu16h6132AYXW/iIipCY5rmr0PtgtipZwRANHNNCU3EiNDamAT\nDYwIPsnMasWJGVNRGrM/lVgJWGVJrQ7WgW+6unkjLkvk65ZY8YGXBOO/av1J7Rw8\n0w2TdUg0YVXBwTuJGpqaHinTng3q8hzbR3UgywE03N7+XKmHIqmqTD7Zon6+qziR\n5jm0GP/yOcYoK73Z9HWyqziGmAbfNtE9d7/4fOZWA3fCbwoiu6x2CAMzuOKgrqe5\nVlEisQxpkyiwIjmla+S22zyXCflYGMTeTW4lA8/nefR5uUhCjhtMDJzl9NLw7LM/\n0SEAAAc4SuPiZ0rj4mcAAAAHc3NoLXJzYQAAAgEAoi3RNxO+Y0xhZ9HnaNwLdDPg\nFjqqbRj8BOBBUHu42gGztYsjrNd7xIfMGJjCcM2jmjfopvKqSEvV7YPxerTrzSnw\neBygjDxpR2RpnyxWAaMuUkYfXxUGrGRD5fDANtSkF0GBUctMXxOhL+n7WSQv56Yd\nub5zkfzCIRlM32Qj9gIe4ezAy0/4XyNp0k9iQ0mSFY468QasPT9xN2SQCo9xFOYv\nAy2Su3+r/5rBif9J2NONnMShZDuuFB5EjtdPE9jlDMgIKCFt9l9T7NMLWsrKQ9je\nbi8WB8zw9EwkZLq6sK1dXDVPvbgzIScp3GsdPcIobHcM2OKGT8b22vpHkqguIoNt\nNix/D82EODIXyMuMrN9ATEAYTyXmyZBu16h6132AYXW/iIipCY5rmr0PtgtipZwR\nANHNNCU3EiNDamATDYwIPsnMasWJGVNRGrM/lVgJWGVJrQ7WgW+6unkjLkvk65ZY\n8YGXBOO/av1J7Rw80w2TdUg0YVXBwTuJGpqaHinTng3q8hzbR3UgywE03N7+XKmH\nIqmqTD7Zon6+qziR5jm0GP/yOcYoK73Z9HWyqziGmAbfNtE9d7/4fOZWA3fCbwoi\nu6x2CAMzuOKgrqe5VlEisQxpkyiwIjmla+S22zyXCflYGMTeTW4lA8/nefR5uUhC\njhtMDJzl9NLw7LM/0SEAAAADAQABAAACADy43u66S7yuKoJOy1Ato3Q8wBhSmuEC\nS8oflRTnXgzyOjEtCYx7mfG5zqce+x51QF5LtKZdkXhEPLMTheSlvOwyWcD/JvWa\n4OhEJm/cj89JI9zWOITHQJpnaCy9+ZoN/+pdMmhHsC6hEOb5uoxjyjP3tIWJU4hD\nlQQDjw7NVdGUda+tj3oQVTR58/M0mdwLvdCoUlVQZEkCageNdYker/5dORj9hUUC\nxomLjg93MFUo0Irz7GG1HraVpqG85/TMbuZcNwGfkqZ+htPTKRszdov0tUOYCa2e\nBFHT+IRmjeP85UnTBCpKv4oYOco3qNkoyy3hXUQPfK5+Fotizk2Q/sSAq4QuhiUN\n5IJxskUvD3fQse+77m/rceXpRcRnRhi6YRpiT6tcN7oWrQn8Vi+splwImURSq1/3\ncLtXN0HwCDWi5w9EZki6jO/+8gke8SFFIGkxIWCNXL5hXYBRoHMr4kNwrc3zQmgt\ngOKmi+AvkEw69ATAIyWGxnadVjmakwKX0T9il4nRnNj6+Dqiepnt+JLgUOA3FXyD\ngy1XZboQkxopC8+KvTT8OaMjy71tmLEuForoll1pvty1aDuuhE5qDzGMCOrFGJdJ\ncU/MjKYX50hLueBl1b/dUqBe0c+r+QyNlqNHSkSys/h7oAPdqkeo8cnQMoMi6VeG\nfxVyY+llZCJpAAABAQCIHDA0X1loeqfVStpf72rGKbo6WxBGilfq7jiJcTKATTys\nUKy+STC8qvR1SSQhlaewJxH7urHbIMHzGC8PZHozryQTPB7YMuA2PFtUJqpoDkWQ\nIps6oQgsJA069dYrzc+nEhcik2CVepjLglBZDWao3Yo24LuWF081zdDpkwGHla/f\nc0WXFgyLbbJ3v9b+Zm422uz4Kv2BAYvd3KLSB3DMgI3Y4vNBj7ppV0+HQrEwPMpr\n6cR75rrbK7fvMq+AvwF2rKLAc3+r8gFpNHm1dampIVi6bWqTuIPwjbc7rKTvgs8E\nE1CgidpnvlHfMgwC29+8tE/xuCsU6rbMZCKxCnC2AAABAQDDLf7xdmHdIicPGN0Z\nDAXm7CFA6jJ4vcWdIebBEjo49oEIm5736cC2f4YJqiSwiHczXjsRTRGzICLseqvf\nsTVPDP+ctV4hXgtracHCEVY4MmREhcvzAe+JJyFe3z9EKw/VAPiRDOhW2q1IQop6\nerCcDnJPPRvk5pYaaeCb7nFnpYniabmBFEvVPif5EUJBIkzMenMxV/SUZNxka0Jb\nWrmb0YZbv2pXBhhdC5l8fQfX8FOwHuHigvoME8DKymmgxccGPK+QzGFV2syO0Y6+\nFoSKiGdeSnAzdoSRRJw/Pm33SSD9bK20q7s4eEOTamtxB7BLBqhMDzpSjwNKjETZ\nnaQnAAABAQDUt0R61mXTvTmn0ZdoQYZQTPxXu1+n/Ml+X4PJcMB74Ds9UNbkUs0V\n3EIBqWwvPil+3WmBfVT5P+gEExOD7YW+shHB4yUWSR2uddvXuNVqpWpWHM/TBErP\nesVzeofYqLwc+OxOCNWLsW5RyV12imeZjtz+2eAI7LkJ08RInKOxt/zit0eT93KP\nc5LKfT0B8lZr8JLtIWAFxGiuezS3xT2O3LQVTZVvBbSCGS//TQ/pd9r6CDwPQUyF\nClgXSfKz2nYyPHwtUlhuSQgPKBa/M6/r2JIA2ih0irPn/teOgr/0VVmeB3YyA4HA\nPPAAP31GsMp53FxvuxMZwhbDMvoWtkV3AAAAAAEC\n-----END OPENSSH PRIVATE KEY-----\n",
            "private_key_pem": "-----BEGIN RSA PRIVATE KEY-----\nMIIJKAIBAAKCAgEAoi3RNxO+Y0xhZ9HnaNwLdDPgFjqqbRj8BOBBUHu42gGztYsj\nrNd7xIfMGJjCcM2jmjfopvKqSEvV7YPxerTrzSnweBygjDxpR2RpnyxWAaMuUkYf\nXxUGrGRD5fDANtSkF0GBUctMXxOhL+n7WSQv56Ydub5zkfzCIRlM32Qj9gIe4ezA\ny0/4XyNp0k9iQ0mSFY468QasPT9xN2SQCo9xFOYvAy2Su3+r/5rBif9J2NONnMSh\nZDuuFB5EjtdPE9jlDMgIKCFt9l9T7NMLWsrKQ9jebi8WB8zw9EwkZLq6sK1dXDVP\nvbgzIScp3GsdPcIobHcM2OKGT8b22vpHkqguIoNtNix/D82EODIXyMuMrN9ATEAY\nTyXmyZBu16h6132AYXW/iIipCY5rmr0PtgtipZwRANHNNCU3EiNDamATDYwIPsnM\nasWJGVNRGrM/lVgJWGVJrQ7WgW+6unkjLkvk65ZY8YGXBOO/av1J7Rw80w2TdUg0\nYVXBwTuJGpqaHinTng3q8hzbR3UgywE03N7+XKmHIqmqTD7Zon6+qziR5jm0GP/y\nOcYoK73Z9HWyqziGmAbfNtE9d7/4fOZWA3fCbwoiu6x2CAMzuOKgrqe5VlEisQxp\nkyiwIjmla+S22zyXCflYGMTeTW4lA8/nefR5uUhCjhtMDJzl9NLw7LM/0SECAwEA\nAQKCAgA8uN7uuku8riqCTstQLaN0PMAYUprhAkvKH5UU514M8joxLQmMe5nxuc6n\nHvsedUBeS7SmXZF4RDyzE4XkpbzsMlnA/yb1muDoRCZv3I/PSSPc1jiEx0CaZ2gs\nvfmaDf/qXTJoR7AuoRDm+bqMY8oz97SFiVOIQ5UEA48OzVXRlHWvrY96EFU0efPz\nNJncC73QqFJVUGRJAmoHjXWJHq/+XTkY/YVFAsaJi44PdzBVKNCK8+xhtR62laah\nvOf0zG7mXDcBn5KmfobT0ykbM3aL9LVDmAmtngRR0/iEZo3j/OVJ0wQqSr+KGDnK\nN6jZKMst4V1ED3yufhaLYs5NkP7EgKuELoYlDeSCcbJFLw930LHvu+5v63Hl6UXE\nZ0YYumEaYk+rXDe6Fq0J/FYvrKZcCJlEUqtf93C7VzdB8Ag1oucPRGZIuozv/vIJ\nHvEhRSBpMSFgjVy+YV2AUaBzK+JDcK3N80JoLYDipovgL5BMOvQEwCMlhsZ2nVY5\nmpMCl9E/YpeJ0ZzY+vg6onqZ7fiS4FDgNxV8g4MtV2W6EJMaKQvPir00/DmjI8u9\nbZixLhaK6JZdab7ctWg7roROag8xjAjqxRiXSXFPzIymF+dIS7ngZdW/3VKgXtHP\nq/kMjZajR0pEsrP4e6AD3apHqPHJ0DKDIulXhn8VcmPpZWQiaQKCAQEAwy3+8XZh\n3SInDxjdGQwF5uwhQOoyeL3FnSHmwRI6OPaBCJue9+nAtn+GCaoksIh3M147EU0R\nsyAi7Hqr37E1Twz/nLVeIV4La2nBwhFWODJkRIXL8wHviSchXt8/RCsP1QD4kQzo\nVtqtSEKKenqwnA5yTz0b5OaWGmngm+5xZ6WJ4mm5gRRL1T4n+RFCQSJMzHpzMVf0\nlGTcZGtCW1q5m9GGW79qVwYYXQuZfH0H1/BTsB7h4oL6DBPAysppoMXHBjyvkMxh\nVdrMjtGOvhaEiohnXkpwM3aEkUScPz5t90kg/WyttKu7OHhDk2prcQewSwaoTA86\nUo8DSoxE2Z2kJwKCAQEA1LdEetZl0705p9GXaEGGUEz8V7tfp/zJfl+DyXDAe+A7\nPVDW5FLNFdxCAalsLz4pft1pgX1U+T/oBBMTg+2FvrIRweMlFkkdrnXb17jVaqVq\nVhzP0wRKz3rFc3qH2Ki8HPjsTgjVi7FuUclddopnmY7c/tngCOy5CdPESJyjsbf8\n4rdHk/dyj3OSyn09AfJWa/CS7SFgBcRorns0t8U9jty0FU2VbwW0ghkv/00P6Xfa\n+gg8D0FMhQpYF0nys9p2Mjx8LVJYbkkIDygWvzOv69iSANoodIqz5/7XjoK/9FVZ\nngd2MgOBwDzwAD99RrDKedxcb7sTGcIWwzL6FrZFdwKCAQAhwqr+iUOURHwNGHfm\nBTZgIyf9WoUwbWLpMxv++XAoujrHimOM7lnvN0+wDEYcYv57XClLbNFK8pwX24Av\nSS+3ZMAyEw0dKG9BPSHOt8D6J31AfQQyHHuadbJH/sWqvOgYJ/rW3Cy0GU8v2JKr\nbN1voPAU1LUmetwr5XR8hFoJW5DmIPN9aE1VrVKsuleDfLNcCzIxrs0XffrBQ+xO\ncPr6ANwEsq9qLhu4vHDoH5hjuaZAKJdZ3t3xiNkoOqrarFsosQaNPUz41MfdTFIs\nfyid7cozfRy7ShzUI9IC/oF27KdQLqQ9RBc2RVcrAJVlD7dmwtgJj/i+nw4qruiZ\n27KxAoIBAGPbvSwlZhwmouBjhj6NNC6SVYwiDF/iTf0jfcydP99nfqfkQV1ieaCf\ni+UX0g/DkNtbueHuImv4UkVHZ0vxv22sTqXEqm5x2JtD/PaicJ3mFatjTzTyuOP5\n8KOrjAZsABNh0B06DHXNz8pZS6UQiF4QMTL6uS+3YY55eZXU4wvVIcSU4edWrNMn\nIGwqqu81AtkdUPw9RMSwVaxDbpYu5B0jAu9VQqeh+AFzLZMebC/f8k6aewd2UiPK\nnVwhfOxtzDr9JhZop9buNfhXi4YrD5UaUEBSKde8HYT1n9/pBZAAWVfUjOoht1G1\nyb10EK2U5RicGFDjc64N7X2peroayzUCggEBAIgcMDRfWWh6p9VK2l/vasYpujpb\nEEaKV+ruOIlxMoBNPKxQrL5JMLyq9HVJJCGVp7AnEfu6sdsgwfMYLw9kejOvJBM8\nHtgy4DY8W1QmqmgORZAimzqhCCwkDTr11ivNz6cSFyKTYJV6mMuCUFkNZqjdijbg\nu5YXTzXN0OmTAYeVr99zRZcWDIttsne/1v5mbjba7Pgq/YEBi93cotIHcMyAjdji\n80GPumlXT4dCsTA8ymvpxHvmutsrt+8yr4C/AXasosBzf6vyAWk0ebV1qakhWLpt\napO4g/CNtzuspO+CzwQTUKCJ2me+Ud8yDALb37y0T/G4KxTqtsxkIrEKcLY=\n-----END RSA PRIVATE KEY-----\n",
            "private_key_pem_pkcs8": "-----BEGIN PRIVATE KEY-----\nMIIJQgIBADANBgkqhkiG9w0BAQEFAASCCSwwggkoAgEAAoICAQCiLdE3E75jTGFn\n0edo3At0M+AWOqptGPwE4EFQe7jaAbO1iyOs13vEh8wYmMJwzaOaN+im8qpIS9Xt\ng/F6tOvNKfB4HKCMPGlHZGmfLFYBoy5SRh9fFQasZEPl8MA21KQXQYFRy0xfE6Ev\n6ftZJC/nph25vnOR/MIhGUzfZCP2Ah7h7MDLT/hfI2nST2JDSZIVjjrxBqw9P3E3\nZJAKj3EU5i8DLZK7f6v/msGJ/0nY042cxKFkO64UHkSO108T2OUMyAgoIW32X1Ps\n0wtayspD2N5uLxYHzPD0TCRkurqwrV1cNU+9uDMhJyncax09wihsdwzY4oZPxvba\n+keSqC4ig202LH8PzYQ4MhfIy4ys30BMQBhPJebJkG7XqHrXfYBhdb+IiKkJjmua\nvQ+2C2KlnBEA0c00JTcSI0NqYBMNjAg+ycxqxYkZU1Easz+VWAlYZUmtDtaBb7q6\neSMuS+TrlljxgZcE479q/UntHDzTDZN1SDRhVcHBO4kampoeKdOeDeryHNtHdSDL\nATTc3v5cqYciqapMPtmifr6rOJHmObQY//I5xigrvdn0dbKrOIaYBt820T13v/h8\n5lYDd8JvCiK7rHYIAzO44qCup7lWUSKxDGmTKLAiOaVr5LbbPJcJ+VgYxN5NbiUD\nz+d59Hm5SEKOG0wMnOX00vDssz/RIQIDAQABAoICADy43u66S7yuKoJOy1Ato3Q8\nwBhSmuECS8oflRTnXgzyOjEtCYx7mfG5zqce+x51QF5LtKZdkXhEPLMTheSlvOwy\nWcD/JvWa4OhEJm/cj89JI9zWOITHQJpnaCy9+ZoN/+pdMmhHsC6hEOb5uoxjyjP3\ntIWJU4hDlQQDjw7NVdGUda+tj3oQVTR58/M0mdwLvdCoUlVQZEkCageNdYker/5d\nORj9hUUCxomLjg93MFUo0Irz7GG1HraVpqG85/TMbuZcNwGfkqZ+htPTKRszdov0\ntUOYCa2eBFHT+IRmjeP85UnTBCpKv4oYOco3qNkoyy3hXUQPfK5+Fotizk2Q/sSA\nq4QuhiUN5IJxskUvD3fQse+77m/rceXpRcRnRhi6YRpiT6tcN7oWrQn8Vi+splwI\nmURSq1/3cLtXN0HwCDWi5w9EZki6jO/+8gke8SFFIGkxIWCNXL5hXYBRoHMr4kNw\nrc3zQmgtgOKmi+AvkEw69ATAIyWGxnadVjmakwKX0T9il4nRnNj6+Dqiepnt+JLg\nUOA3FXyDgy1XZboQkxopC8+KvTT8OaMjy71tmLEuForoll1pvty1aDuuhE5qDzGM\nCOrFGJdJcU/MjKYX50hLueBl1b/dUqBe0c+r+QyNlqNHSkSys/h7oAPdqkeo8cnQ\nMoMi6VeGfxVyY+llZCJpAoIBAQDDLf7xdmHdIicPGN0ZDAXm7CFA6jJ4vcWdIebB\nEjo49oEIm5736cC2f4YJqiSwiHczXjsRTRGzICLseqvfsTVPDP+ctV4hXgtracHC\nEVY4MmREhcvzAe+JJyFe3z9EKw/VAPiRDOhW2q1IQop6erCcDnJPPRvk5pYaaeCb\n7nFnpYniabmBFEvVPif5EUJBIkzMenMxV/SUZNxka0JbWrmb0YZbv2pXBhhdC5l8\nfQfX8FOwHuHigvoME8DKymmgxccGPK+QzGFV2syO0Y6+FoSKiGdeSnAzdoSRRJw/\nPm33SSD9bK20q7s4eEOTamtxB7BLBqhMDzpSjwNKjETZnaQnAoIBAQDUt0R61mXT\nvTmn0ZdoQYZQTPxXu1+n/Ml+X4PJcMB74Ds9UNbkUs0V3EIBqWwvPil+3WmBfVT5\nP+gEExOD7YW+shHB4yUWSR2uddvXuNVqpWpWHM/TBErPesVzeofYqLwc+OxOCNWL\nsW5RyV12imeZjtz+2eAI7LkJ08RInKOxt/zit0eT93KPc5LKfT0B8lZr8JLtIWAF\nxGiuezS3xT2O3LQVTZVvBbSCGS//TQ/pd9r6CDwPQUyFClgXSfKz2nYyPHwtUlhu\nSQgPKBa/M6/r2JIA2ih0irPn/teOgr/0VVmeB3YyA4HAPPAAP31GsMp53FxvuxMZ\nwhbDMvoWtkV3AoIBACHCqv6JQ5REfA0Yd+YFNmAjJ/1ahTBtYukzG/75cCi6OseK\nY4zuWe83T7AMRhxi/ntcKUts0UrynBfbgC9JL7dkwDITDR0ob0E9Ic63wPonfUB9\nBDIce5p1skf+xaq86Bgn+tbcLLQZTy/Ykqts3W+g8BTUtSZ63CvldHyEWglbkOYg\n831oTVWtUqy6V4N8s1wLMjGuzRd9+sFD7E5w+voA3ASyr2ouG7i8cOgfmGO5pkAo\nl1ne3fGI2Sg6qtqsWyixBo09TPjUx91MUix/KJ3tyjN9HLtKHNQj0gL+gXbsp1Au\npD1EFzZFVysAlWUPt2bC2AmP+L6fDiqu6JnbsrECggEAY9u9LCVmHCai4GOGPo00\nLpJVjCIMX+JN/SN9zJ0/32d+p+RBXWJ5oJ+L5RfSD8OQ21u54e4ia/hSRUdnS/G/\nbaxOpcSqbnHYm0P89qJwneYVq2NPNPK44/nwo6uMBmwAE2HQHToMdc3PyllLpRCI\nXhAxMvq5L7dhjnl5ldTjC9UhxJTh51as0ycgbCqq7zUC2R1Q/D1ExLBVrENuli7k\nHSMC71VCp6H4AXMtkx5sL9/yTpp7B3ZSI8qdXCF87G3MOv0mFmin1u41+FeLhisP\nlRpQQFIp17wdhPWf3+kFkABZV9SM6iG3UbXJvXQQrZTlGJwYUONzrg3tfal6uhrL\nNQKCAQEAiBwwNF9ZaHqn1UraX+9qxim6OlsQRopX6u44iXEygE08rFCsvkkwvKr0\ndUkkIZWnsCcR+7qx2yDB8xgvD2R6M68kEzwe2DLgNjxbVCaqaA5FkCKbOqEILCQN\nOvXWK83PpxIXIpNglXqYy4JQWQ1mqN2KNuC7lhdPNc3Q6ZMBh5Wv33NFlxYMi22y\nd7/W/mZuNtrs+Cr9gQGL3dyi0gdwzICN2OLzQY+6aVdPh0KxMDzKa+nEe+a62yu3\n7zKvgL8BdqyiwHN/q/IBaTR5tXWpqSFYum1qk7iD8I23O6yk74LPBBNQoInaZ75R\n3zIMAtvfvLRP8bgrFOq2zGQisQpwtg==\n-----END PRIVATE KEY-----\n",
            "public_key_fingerprint_md5": "2f:8f:72:9d:8e:1c:88:79:8b:de:3a:30:ad:4c:31:5d",
            "public_key_fingerprint_sha256": "SHA256:xh9fhnPPU5aEHfs9PagY18aozySI+Ug2PeKPf1AJJ3I",
            "public_key_openssh": "ssh-rsa AAAAB3NzaC1yc2EAAAADAQABAAACAQCiLdE3E75jTGFn0edo3At0M+AWOqptGPwE4EFQe7jaAbO1iyOs13vEh8wYmMJwzaOaN+im8qpIS9Xtg/F6tOvNKfB4HKCMPGlHZGmfLFYBoy5SRh9fFQasZEPl8MA21KQXQYFRy0xfE6Ev6ftZJC/nph25vnOR/MIhGUzfZCP2Ah7h7MDLT/hfI2nST2JDSZIVjjrxBqw9P3E3ZJAKj3EU5i8DLZK7f6v/msGJ/0nY042cxKFkO64UHkSO108T2OUMyAgoIW32X1Ps0wtayspD2N5uLxYHzPD0TCRkurqwrV1cNU+9uDMhJyncax09wihsdwzY4oZPxvba+keSqC4ig202LH8PzYQ4MhfIy4ys30BMQBhPJebJkG7XqHrXfYBhdb+IiKkJjmuavQ+2C2KlnBEA0c00JTcSI0NqYBMNjAg+ycxqxYkZU1Easz+VWAlYZUmtDtaBb7q6eSMuS+TrlljxgZcE479q/UntHDzTDZN1SDRhVcHBO4kampoeKdOeDeryHNtHdSDLATTc3v5cqYciqapMPtmifr6rOJHmObQY//I5xigrvdn0dbKrOIaYBt820T13v/h85lYDd8JvCiK7rHYIAzO44qCup7lWUSKxDGmTKLAiOaVr5LbbPJcJ+VgYxN5NbiUDz+d59Hm5SEKOG0wMnOX00vDssz/RIQ==\n",
            "public_key_pem": "-----BEGIN PUBLIC KEY-----\nMIICIjANBgkqhkiG9w0BAQEFAAOCAg8AMIICCgKCAgEAoi3RNxO+Y0xhZ9HnaNwL\ndDPgFjqqbRj8BOBBUHu42gGztYsjrNd7xIfMGJjCcM2jmjfopvKqSEvV7YPxerTr\nzSnweBygjDxpR2RpnyxWAaMuUkYfXxUGrGRD5fDANtSkF0GBUctMXxOhL+n7WSQv\n56Ydub5zkfzCIRlM32Qj9gIe4ezAy0/4XyNp0k9iQ0mSFY468QasPT9xN2SQCo9x\nFOYvAy2Su3+r/5rBif9J2NONnMShZDuuFB5EjtdPE9jlDMgIKCFt9l9T7NMLWsrK\nQ9jebi8WB8zw9EwkZLq6sK1dXDVPvbgzIScp3GsdPcIobHcM2OKGT8b22vpHkqgu\nIoNtNix/D82EODIXyMuMrN9ATEAYTyXmyZBu16h6132AYXW/iIipCY5rmr0Ptgti\npZwRANHNNCU3EiNDamATDYwIPsnMasWJGVNRGrM/lVgJWGVJrQ7WgW+6unkjLkvk\n65ZY8YGXBOO/av1J7Rw80w2TdUg0YVXBwTuJGpqaHinTng3q8hzbR3UgywE03N7+\nXKmHIqmqTD7Zon6+qziR5jm0GP/yOcYoK73Z9HWyqziGmAbfNtE9d7/4fOZWA3fC\nbwoiu6x2CAMzuOKgrqe5VlEisQxpkyiwIjmla+S22zyXCflYGMTeTW4lA8/nefR5\nuUhCjhtMDJzl9NLw7LM/0SECAwEAAQ==\n-----END PUBLIC KEY-----\n",
            "rsa_bits": 4096
          },
          "sensitive_attributes": [
            [
              {
                "type": "get_attr",
                "value": "private_key_pem_pkcs8"
              }
            ],
            [
              {
                "type": "get_attr",
                "value": "private_key_openssh"
              }
            ],
            [
              {
                "type": "get_attr",
                "value": "private_key_pem"
              }
            ]
          ]
        }
      ]
    },
    {
      "module": "module.ec2_key_private",
      "mode": "managed",
      "type": "aws_key_pair",
      "name": "this",
      "provider": "provider[\"registry.terraform.io/hashicorp/aws\"]",
      "instances": [
        {
          "schema_version": 1,
          "attributes": {
            "arn": "arn:aws:ec2:us-east-2:761014375856:key-pair/private-ec2-key",
            "fingerprint": "4b:55:02:9a:5c:d9:db:9e:73:ec:90:5a:d5:52:20:9d",
            "id": "private-ec2-key",
            "key_name": "private-ec2-key",
            "key_name_prefix": "",
            "key_pair_id": "key-0a09b76466781a89d",
            "key_type": "rsa",
            "public_key": "ssh-rsa AAAAB3NzaC1yc2EAAAADAQABAAACAQCWqtToOjKHjisC7i7fqJIqop/9U9AjblGLuh/cc1z41svLMQHccwwuutD4llwaGfr1ycKfo7quAOSn6FEAtZc9nq2agdqlKy7h7wwExcJiUHM+Hrpw5Er6b6lFovfcQ386+g1s0wPylljnDCx2uvvXOM35KAlTYOPzAId6aT781dhEkkgL+o+MzzteoYqxMytLRqrRhv3B9RVIarFxylMX/orYMM/tHc2lA9SjlFWVJpnSL9MUqvGSdWMQHoP8vUrLOHP5A+KRnzkfYeCdu9+p4sKfls0ZGVBPK0A1Q3k5w2DQmy9DCO3etEN7a3OdyyhshZhxIN7MvYNMukPlRTwmCGb8/ymz9hO9tvuFILLzPGSB+CuXCUkyw8XOa0Wo75BCksA7Wwukf0K9K2L+IUr63oQxgTZpYmSAEACGbLbPq5cadhUB9Nq925IHvkFOUwVcABkaBry7yjLV3gaqm/WXIIiwR5b/Yrtg/69Gb+R8MI8OhoQDFMcPWzvi2N9e4piYVgZnR+tQ0jrPjdSz2GRnEjb/t1oBEpSAPNZoelk5CP9kN894nlH48JLaEFrCNAzb/8PXPfUZdEBQd1xZEIVa9xJvM/2ZUuo59FGFv31dQDFIuHm9pKKkOXbTddCCflMQ8j2DFgdwhz8V/q7JfBFQhJ5ugzbYaVQTJX8uvqIenQ==",
            "tags": {
              "Name": "private-ec2-key",
              "environment": "Development",
              "owner": "Breno Kevin Xavier Silva"
            },
            "tags_all": {
              "Name": "private-ec2-key",
              "environment": "Development",
              "owner": "Breno Kevin Xavier Silva"
            }
          },
          "sensitive_attributes": [],
          "private": "eyJzY2hlbWFfdmVyc2lvbiI6IjEifQ==",
          "dependencies": [
            "module.ec2_key_private.tls_private_key.this"
          ]
        }
      ]
    },
    {
      "module": "module.ec2_key_private",
      "mode": "managed",
      "type": "local_file",
      "name": "private_key",
      "provider": "provider[\"registry.terraform.io/hashicorp/local\"]",
      "instances": [
        {
          "index_key": 0,
          "schema_version": 0,
          "attributes": {
            "content": "-----BEGIN RSA PRIVATE KEY-----\nMIIJKAIBAAKCAgEAlqrU6Doyh44rAu4u36iSKqKf/VPQI25Ri7of3HNc+NbLyzEB\n3HMMLrrQ+JZcGhn69cnCn6O6rgDkp+hRALWXPZ6tmoHapSsu4e8MBMXCYlBzPh66\ncORK+m+pRaL33EN/OvoNbNMD8pZY5wwsdrr71zjN+SgJU2Dj8wCHemk+/NXYRJJI\nC/qPjM87XqGKsTMrS0aq0Yb9wfUVSGqxccpTF/6K2DDP7R3NpQPUo5RVlSaZ0i/T\nFKrxknVjEB6D/L1Kyzhz+QPikZ85H2HgnbvfqeLCn5bNGRlQTytANUN5OcNg0Jsv\nQwjt3rRDe2tzncsobIWYcSDezL2DTLpD5UU8Jghm/P8ps/YTvbb7hSCy8zxkgfgr\nlwlJMsPFzmtFqO+QQpLAO1sLpH9CvSti/iFK+t6EMYE2aWJkgBAAhmy2z6uXGnYV\nAfTavduSB75BTlMFXAAZGga8u8oy1d4Gqpv1lyCIsEeW/2K7YP+vRm/kfDCPDoaE\nAxTHD1s74tjfXuKYmFYGZ0frUNI6z43Us9hkZxI2/7daARKUgDzWaHpZOQj/ZDfP\neJ5R+PCS2hBawjQM2//D1z31GXRAUHdcWRCFWvcSbzP9mVLqOfRRhb99XUAxSLh5\nvaSipDl203XQgn5TEPI9gxYHcIc/Ff6uyXwRUISeboM22GlUEyV/Lr6iHp0CAwEA\nAQKCAgAOByTLOb6XpBMkHYoMCpVlVn6KkcGjct4xIhNdAqQJinIvXnDma2hwd2Cv\n1yFcesZvblQVFKOebM3dRkI4dy/Ngxcgd25PNN3owkl+WO1NcGEdIQj0gYTrm/be\nLsYLYittPHfV2zBsZzbVeEAxjnJBP8mJpQJ38AxOhTeX8ZxK4nGAMkB2q7hZgLft\n38uFI8GoVhGJxZrzHT8DNDqGNjNrXKiPvWe2k4ZLPWKQbRCqJ4290J8YtwZxP5sJ\nbACXnluMNUWITft2hHpx42U25RWg1dCPbEp3R5s/Fm9O0OlEtAixE38ggNXTh47F\nkHkTcXq3iUQVZbKTdyJLmVzAnXlz39SpBjMx5wXQGu6B1dyEJzcIK7c0vSDs04v9\nqSLczZewu+Cc/JAM3iXW3RenNBsLIp3PUT83QdiCubVxcn1bHNvdkfXJ/LGAF9jL\n2PQvVMgB7FGyKAoE/UIJhagCwt5pkMTSPWiP0CtFfazmWMqXLeR7frMOPsGfDW9Y\nPN7CFuw1UH4e9ddWLoxQifOZtYey+Az4MrKiroJpzr9x4PsfZej+rdKl8jZ7CDq6\ncflHDpawcObZ4ePQguDlPS4lNvgf5D4t9V3xL6sKSY5hqPavWgNUl4Byz/ofOVc8\nmbqCrRWTRcau5L7vRtApSMsFtCo8+sr/sn23bvGM+lIxpdGR3wKCAQEAxmxaFyh0\nDuz7f7cahG4dnWGYhj/kA0OIujl0Dyi4pIkDkaUJ3sNhZVMYreliA9zoktFLk7Pb\nmJIW/1ZM4PC1piDeuCVhY11R2ToxipW7UFsQLy0fuj/c2Ehe+wg9OH5QWb0KZ9nI\n/69eWpFjAI5DBFRktTValFpddP1yosXHUOuj8Jkxh+QjjptXFHFS2L6RHaynuDX9\nFG4cLJgI+YoUZ5SMP7HHvI+Hi7DHOUUQ66Jpb9b7wNmfAe72fWXy3mUe3jkbXbQa\nY9jn/O4ZDmizFfZo/ZTwPApJlToXoOWPwlymT6ESh+uU68ieuuFO3By5B/qZRq5g\nqM6ysbDg7k75gwKCAQEAwmL7yTU/gJICnrOc59B60I8Z23Ldbr2t0kYTyW6JMQfc\nmpxM4aZpQfkcHNFjLb83LlqX7olWGuNQrFu/yFYpl2p0P4TMjS0WeiRintInTq/N\n+wSrRkAJFzn05W7OYO8zEHOZTlGcTlFaxdpY+gjMHpZNzbQ7ja5MiOKe0+7wnfoO\nqlNlV5rD4Qeeh6IIB0X9kiU8l+BcowN6dBXDPxD0NqsZsRZLr6s3wO10+j2G8TsW\nJXlhH/6scsa1IjOqEQmXk+C5WeyAUFDgVAm8z39QZtqORnYHb1at//rIll2kX3+A\nkdhX/mEqeLaE/GWkONHIygpFxCCB58NhyUuPjJKtXwKCAQAlQJJpZp7jbnqJL8c6\ntbG5qmkIS1ZzhmpVDBROBEcmHNMetO11dRkD/OXVQMu2DfNcHQ8jW9EOg97tcTZd\nxNNVrTYjPGFcVljXf6Vtb08Ldw1CziX2waaktHGgj5tuz8gmEOezN6AU4MfGGSWN\nJShP18hQfQPUdmK1ZB/xj1AsUREmSpyR9rL2QxPGMsBrENwNxix22Sv6efGwLZsB\nvnq2N51dF/N34zp/b2D3z4+trYA+Dw6U1kaUBlkgkdNXDYUOE4qfvQB3XnGvesQZ\ngG6e4PQ1J5EytHu8GHv3KSIkS2Ct8n+YJRKAcdnbHBHCIWJbrSC5tGNRTf0efya7\nlvghAoIBAQCLM/9Dc9Jp7CXcKJvwliedOx01Pei86TCVKIH6+iFc71hXkB6uaVFv\nYUl0ia4QkKKfm1i6BbeXwbl/9KQ+fxWBzUY6RouFfghep7fILI7hlpxXalyNDkZ0\nT5jExLkeSa2z1lSu9VqN60yp61dUlwA110UYTj1nlK5SSJedBbtiJjRiXR5xwe8M\nMzyfvLUrIEAabHgb+xvb0R3cC8mqXCXHEHhxjJnezyo6CtJ+cZk1Hy8Y3vdixioQ\nd6Q3PfBICyp1R7T0ZJzu5zv+coq3vWCCh3jjlJp2bQhmC92hcKXJjbEwwFEjZcnY\ncDyD0vXriq/Tn8+eR/k/U3evg2DlNhTZAoIBAAIYNbsNIipx5bgDmerb07BnHvk8\naVRcxuRy2DAYYmw3HyhqlD86lzGFaxSW76oNyHGjJB91BJImDjuq32xZVzkc89Zn\nPPTcoAMouYRB3YROaeC0g7MVhrPwLjgGxAqxMiDhpm/fV+sRQUAH30jsW2dWDjRf\nrS8hFTLAflWRS1zFouwRnypfdTZT9cDTn/m+/ze4lwhVze1HaDBAS+OPU0xmOQg2\ncEPja/hUV0Lrs37c+NwLER0BUOMyyM0QgbYwQCUrLacudt+kCGqLyml7/6mSrl7Y\nlsaKGJ70J+pDgsfciIcQpcqHUi4PrzeACXt9fQcpvDvJ2qVcUkJ0PJETlgI=\n-----END RSA PRIVATE KEY-----\n",
            "content_base64": null,
            "content_base64sha256": "T4usugFJ4ny5kH9EcMstrcunDIOvRzFkuOhP47dMNWI=",
            "content_base64sha512": "V7PeGYGRzPU6q80YSPz92QFdkgYgUW5zI5V3pdHzpYXdY+wtZLWOr/SssDY18rybOF/Cxwh9ncc2WJ9LYQCEkw==",
            "content_md5": "ef04d167e4eb12d50f1ba2ee2265452f",
            "content_sha1": "041a117da43823304ccb763c8ca44612f8c6c82e",
            "content_sha256": "4f8bacba0149e27cb9907f4470cb2dadcba70c83af473164b8e84fe3b74c3562",
            "content_sha512": "57b3de198191ccf53aabcd1848fcfdd9015d920620516e73239577a5d1f3a585dd63ec2d64b58eaff4acb03635f2bc9b385fc2c7087d9dc736589f4b61008493",
            "directory_permission": "0700",
            "file_permission": "0600",
            "filename": "private-ec2-key.pem",
            "id": "041a117da43823304ccb763c8ca44612f8c6c82e",
            "sensitive_content": null,
            "source": null
          },
          "sensitive_attributes": [
            [
              {
                "type": "get_attr",
                "value": "sensitive_content"
              }
            ],
            [
              {
                "type": "get_attr",
                "value": "content"
              }
            ]
          ],
          "dependencies": [
            "module.ec2_key_private.tls_private_key.this"
          ]
        }
      ]
    },
    {
      "module": "module.ec2_key_private",
      "mode": "managed",
      "type": "tls_private_key",
      "name": "this",
      "provider": "provider[\"registry.terraform.io/hashicorp/tls\"]",
      "instances": [
        {
          "schema_version": 1,
          "attributes": {
            "algorithm": "RSA",
            "ecdsa_curve": "P224",
            "id": "6bcaca025500aae8b27c52a7940a245200854397",
            "private_key_openssh": "-----BEGIN OPENSSH PRIVATE KEY-----\nb3BlbnNzaC1rZXktdjEAAAAABG5vbmUAAAAEbm9uZQAAAAAAAAABAAACFwAAAAdz\nc2gtcnNhAAAAAwEAAQAAAgEAlqrU6Doyh44rAu4u36iSKqKf/VPQI25Ri7of3HNc\n+NbLyzEB3HMMLrrQ+JZcGhn69cnCn6O6rgDkp+hRALWXPZ6tmoHapSsu4e8MBMXC\nYlBzPh66cORK+m+pRaL33EN/OvoNbNMD8pZY5wwsdrr71zjN+SgJU2Dj8wCHemk+\n/NXYRJJIC/qPjM87XqGKsTMrS0aq0Yb9wfUVSGqxccpTF/6K2DDP7R3NpQPUo5RV\nlSaZ0i/TFKrxknVjEB6D/L1Kyzhz+QPikZ85H2HgnbvfqeLCn5bNGRlQTytANUN5\nOcNg0JsvQwjt3rRDe2tzncsobIWYcSDezL2DTLpD5UU8Jghm/P8ps/YTvbb7hSCy\n8zxkgfgrlwlJMsPFzmtFqO+QQpLAO1sLpH9CvSti/iFK+t6EMYE2aWJkgBAAhmy2\nz6uXGnYVAfTavduSB75BTlMFXAAZGga8u8oy1d4Gqpv1lyCIsEeW/2K7YP+vRm/k\nfDCPDoaEAxTHD1s74tjfXuKYmFYGZ0frUNI6z43Us9hkZxI2/7daARKUgDzWaHpZ\nOQj/ZDfPeJ5R+PCS2hBawjQM2//D1z31GXRAUHdcWRCFWvcSbzP9mVLqOfRRhb99\nXUAxSLh5vaSipDl203XQgn5TEPI9gxYHcIc/Ff6uyXwRUISeboM22GlUEyV/Lr6i\nHp0AAAc43AJZvtwCWb4AAAAHc3NoLXJzYQAAAgEAlqrU6Doyh44rAu4u36iSKqKf\n/VPQI25Ri7of3HNc+NbLyzEB3HMMLrrQ+JZcGhn69cnCn6O6rgDkp+hRALWXPZ6t\nmoHapSsu4e8MBMXCYlBzPh66cORK+m+pRaL33EN/OvoNbNMD8pZY5wwsdrr71zjN\n+SgJU2Dj8wCHemk+/NXYRJJIC/qPjM87XqGKsTMrS0aq0Yb9wfUVSGqxccpTF/6K\n2DDP7R3NpQPUo5RVlSaZ0i/TFKrxknVjEB6D/L1Kyzhz+QPikZ85H2HgnbvfqeLC\nn5bNGRlQTytANUN5OcNg0JsvQwjt3rRDe2tzncsobIWYcSDezL2DTLpD5UU8Jghm\n/P8ps/YTvbb7hSCy8zxkgfgrlwlJMsPFzmtFqO+QQpLAO1sLpH9CvSti/iFK+t6E\nMYE2aWJkgBAAhmy2z6uXGnYVAfTavduSB75BTlMFXAAZGga8u8oy1d4Gqpv1lyCI\nsEeW/2K7YP+vRm/kfDCPDoaEAxTHD1s74tjfXuKYmFYGZ0frUNI6z43Us9hkZxI2\n/7daARKUgDzWaHpZOQj/ZDfPeJ5R+PCS2hBawjQM2//D1z31GXRAUHdcWRCFWvcS\nbzP9mVLqOfRRhb99XUAxSLh5vaSipDl203XQgn5TEPI9gxYHcIc/Ff6uyXwRUISe\nboM22GlUEyV/Lr6iHp0AAAADAQABAAACAA4HJMs5vpekEyQdigwKlWVWfoqRwaNy\n3jEiE10CpAmKci9ecOZraHB3YK/XIVx6xm9uVBUUo55szd1GQjh3L82DFyB3bk80\n3ejCSX5Y7U1wYR0hCPSBhOub9t4uxgtiK208d9XbMGxnNtV4QDGOckE/yYmlAnfw\nDE6FN5fxnEricYAyQHaruFmAt+3fy4UjwahWEYnFmvMdPwM0OoY2M2tcqI+9Z7aT\nhks9YpBtEKonjb3Qnxi3BnE/mwlsAJeeW4w1RYhN+3aEenHjZTblFaDV0I9sSndH\nmz8Wb07Q6US0CLETfyCA1dOHjsWQeRNxereJRBVlspN3IkuZXMCdeXPf1KkGMzHn\nBdAa7oHV3IQnNwgrtzS9IOzTi/2pItzNl7C74Jz8kAzeJdbdF6c0Gwsinc9RPzdB\n2IK5tXFyfVsc292R9cn8sYAX2MvY9C9UyAHsUbIoCgT9QgmFqALC3mmQxNI9aI/Q\nK0V9rOZYypct5Ht+sw4+wZ8Nb1g83sIW7DVQfh7111YujFCJ85m1h7L4DPgysqKu\ngmnOv3Hg+x9l6P6t0qXyNnsIOrpx+UcOlrBw5tnh49CC4OU9LiU2+B/kPi31XfEv\nqwpJjmGo9q9aA1SXgHLP+h85VzyZuoKtFZNFxq7kvu9G0ClIywW0Kjz6yv+yfbdu\n8Yz6UjGl0ZHfAAABAAIYNbsNIipx5bgDmerb07BnHvk8aVRcxuRy2DAYYmw3Hyhq\nlD86lzGFaxSW76oNyHGjJB91BJImDjuq32xZVzkc89ZnPPTcoAMouYRB3YROaeC0\ng7MVhrPwLjgGxAqxMiDhpm/fV+sRQUAH30jsW2dWDjRfrS8hFTLAflWRS1zFouwR\nnypfdTZT9cDTn/m+/ze4lwhVze1HaDBAS+OPU0xmOQg2cEPja/hUV0Lrs37c+NwL\nER0BUOMyyM0QgbYwQCUrLacudt+kCGqLyml7/6mSrl7YlsaKGJ70J+pDgsfciIcQ\npcqHUi4PrzeACXt9fQcpvDvJ2qVcUkJ0PJETlgIAAAEBAMZsWhcodA7s+3+3GoRu\nHZ1hmIY/5ANDiLo5dA8ouKSJA5GlCd7DYWVTGK3pYgPc6JLRS5Oz25iSFv9WTODw\ntaYg3rglYWNdUdk6MYqVu1BbEC8tH7o/3NhIXvsIPTh+UFm9CmfZyP+vXlqRYwCO\nQwRUZLU1WpRaXXT9cqLFx1Dro/CZMYfkI46bVxRxUti+kR2sp7g1/RRuHCyYCPmK\nFGeUjD+xx7yPh4uwxzlFEOuiaW/W+8DZnwHu9n1l8t5lHt45G120GmPY5/zuGQ5o\nsxX2aP2U8DwKSZU6F6Dlj8Jcpk+hEofrlOvInrrhTtwcuQf6mUauYKjOsrGw4O5O\n+YMAAAEBAMJi+8k1P4CSAp6znOfQetCPGdty3W69rdJGE8luiTEH3JqcTOGmaUH5\nHBzRYy2/Ny5al+6JVhrjUKxbv8hWKZdqdD+EzI0tFnokYp7SJ06vzfsEq0ZACRc5\n9OVuzmDvMxBzmU5RnE5RWsXaWPoIzB6WTc20O42uTIjintPu8J36DqpTZVeaw+EH\nnoeiCAdF/ZIlPJfgXKMDenQVwz8Q9DarGbEWS6+rN8DtdPo9hvE7FiV5YR/+rHLG\ntSIzqhEJl5PguVnsgFBQ4FQJvM9/UGbajkZ2B29Wrf/6yJZdpF9/gJHYV/5hKni2\nhPxlpDjRyMoKRcQggefDYclLj4ySrV8AAAAAAQID\n-----END OPENSSH PRIVATE KEY-----\n",
            "private_key_pem": "-----BEGIN RSA PRIVATE KEY-----\nMIIJKAIBAAKCAgEAlqrU6Doyh44rAu4u36iSKqKf/VPQI25Ri7of3HNc+NbLyzEB\n3HMMLrrQ+JZcGhn69cnCn6O6rgDkp+hRALWXPZ6tmoHapSsu4e8MBMXCYlBzPh66\ncORK+m+pRaL33EN/OvoNbNMD8pZY5wwsdrr71zjN+SgJU2Dj8wCHemk+/NXYRJJI\nC/qPjM87XqGKsTMrS0aq0Yb9wfUVSGqxccpTF/6K2DDP7R3NpQPUo5RVlSaZ0i/T\nFKrxknVjEB6D/L1Kyzhz+QPikZ85H2HgnbvfqeLCn5bNGRlQTytANUN5OcNg0Jsv\nQwjt3rRDe2tzncsobIWYcSDezL2DTLpD5UU8Jghm/P8ps/YTvbb7hSCy8zxkgfgr\nlwlJMsPFzmtFqO+QQpLAO1sLpH9CvSti/iFK+t6EMYE2aWJkgBAAhmy2z6uXGnYV\nAfTavduSB75BTlMFXAAZGga8u8oy1d4Gqpv1lyCIsEeW/2K7YP+vRm/kfDCPDoaE\nAxTHD1s74tjfXuKYmFYGZ0frUNI6z43Us9hkZxI2/7daARKUgDzWaHpZOQj/ZDfP\neJ5R+PCS2hBawjQM2//D1z31GXRAUHdcWRCFWvcSbzP9mVLqOfRRhb99XUAxSLh5\nvaSipDl203XQgn5TEPI9gxYHcIc/Ff6uyXwRUISeboM22GlUEyV/Lr6iHp0CAwEA\nAQKCAgAOByTLOb6XpBMkHYoMCpVlVn6KkcGjct4xIhNdAqQJinIvXnDma2hwd2Cv\n1yFcesZvblQVFKOebM3dRkI4dy/Ngxcgd25PNN3owkl+WO1NcGEdIQj0gYTrm/be\nLsYLYittPHfV2zBsZzbVeEAxjnJBP8mJpQJ38AxOhTeX8ZxK4nGAMkB2q7hZgLft\n38uFI8GoVhGJxZrzHT8DNDqGNjNrXKiPvWe2k4ZLPWKQbRCqJ4290J8YtwZxP5sJ\nbACXnluMNUWITft2hHpx42U25RWg1dCPbEp3R5s/Fm9O0OlEtAixE38ggNXTh47F\nkHkTcXq3iUQVZbKTdyJLmVzAnXlz39SpBjMx5wXQGu6B1dyEJzcIK7c0vSDs04v9\nqSLczZewu+Cc/JAM3iXW3RenNBsLIp3PUT83QdiCubVxcn1bHNvdkfXJ/LGAF9jL\n2PQvVMgB7FGyKAoE/UIJhagCwt5pkMTSPWiP0CtFfazmWMqXLeR7frMOPsGfDW9Y\nPN7CFuw1UH4e9ddWLoxQifOZtYey+Az4MrKiroJpzr9x4PsfZej+rdKl8jZ7CDq6\ncflHDpawcObZ4ePQguDlPS4lNvgf5D4t9V3xL6sKSY5hqPavWgNUl4Byz/ofOVc8\nmbqCrRWTRcau5L7vRtApSMsFtCo8+sr/sn23bvGM+lIxpdGR3wKCAQEAxmxaFyh0\nDuz7f7cahG4dnWGYhj/kA0OIujl0Dyi4pIkDkaUJ3sNhZVMYreliA9zoktFLk7Pb\nmJIW/1ZM4PC1piDeuCVhY11R2ToxipW7UFsQLy0fuj/c2Ehe+wg9OH5QWb0KZ9nI\n/69eWpFjAI5DBFRktTValFpddP1yosXHUOuj8Jkxh+QjjptXFHFS2L6RHaynuDX9\nFG4cLJgI+YoUZ5SMP7HHvI+Hi7DHOUUQ66Jpb9b7wNmfAe72fWXy3mUe3jkbXbQa\nY9jn/O4ZDmizFfZo/ZTwPApJlToXoOWPwlymT6ESh+uU68ieuuFO3By5B/qZRq5g\nqM6ysbDg7k75gwKCAQEAwmL7yTU/gJICnrOc59B60I8Z23Ldbr2t0kYTyW6JMQfc\nmpxM4aZpQfkcHNFjLb83LlqX7olWGuNQrFu/yFYpl2p0P4TMjS0WeiRintInTq/N\n+wSrRkAJFzn05W7OYO8zEHOZTlGcTlFaxdpY+gjMHpZNzbQ7ja5MiOKe0+7wnfoO\nqlNlV5rD4Qeeh6IIB0X9kiU8l+BcowN6dBXDPxD0NqsZsRZLr6s3wO10+j2G8TsW\nJXlhH/6scsa1IjOqEQmXk+C5WeyAUFDgVAm8z39QZtqORnYHb1at//rIll2kX3+A\nkdhX/mEqeLaE/GWkONHIygpFxCCB58NhyUuPjJKtXwKCAQAlQJJpZp7jbnqJL8c6\ntbG5qmkIS1ZzhmpVDBROBEcmHNMetO11dRkD/OXVQMu2DfNcHQ8jW9EOg97tcTZd\nxNNVrTYjPGFcVljXf6Vtb08Ldw1CziX2waaktHGgj5tuz8gmEOezN6AU4MfGGSWN\nJShP18hQfQPUdmK1ZB/xj1AsUREmSpyR9rL2QxPGMsBrENwNxix22Sv6efGwLZsB\nvnq2N51dF/N34zp/b2D3z4+trYA+Dw6U1kaUBlkgkdNXDYUOE4qfvQB3XnGvesQZ\ngG6e4PQ1J5EytHu8GHv3KSIkS2Ct8n+YJRKAcdnbHBHCIWJbrSC5tGNRTf0efya7\nlvghAoIBAQCLM/9Dc9Jp7CXcKJvwliedOx01Pei86TCVKIH6+iFc71hXkB6uaVFv\nYUl0ia4QkKKfm1i6BbeXwbl/9KQ+fxWBzUY6RouFfghep7fILI7hlpxXalyNDkZ0\nT5jExLkeSa2z1lSu9VqN60yp61dUlwA110UYTj1nlK5SSJedBbtiJjRiXR5xwe8M\nMzyfvLUrIEAabHgb+xvb0R3cC8mqXCXHEHhxjJnezyo6CtJ+cZk1Hy8Y3vdixioQ\nd6Q3PfBICyp1R7T0ZJzu5zv+coq3vWCCh3jjlJp2bQhmC92hcKXJjbEwwFEjZcnY\ncDyD0vXriq/Tn8+eR/k/U3evg2DlNhTZAoIBAAIYNbsNIipx5bgDmerb07BnHvk8\naVRcxuRy2DAYYmw3HyhqlD86lzGFaxSW76oNyHGjJB91BJImDjuq32xZVzkc89Zn\nPPTcoAMouYRB3YROaeC0g7MVhrPwLjgGxAqxMiDhpm/fV+sRQUAH30jsW2dWDjRf\nrS8hFTLAflWRS1zFouwRnypfdTZT9cDTn/m+/ze4lwhVze1HaDBAS+OPU0xmOQg2\ncEPja/hUV0Lrs37c+NwLER0BUOMyyM0QgbYwQCUrLacudt+kCGqLyml7/6mSrl7Y\nlsaKGJ70J+pDgsfciIcQpcqHUi4PrzeACXt9fQcpvDvJ2qVcUkJ0PJETlgI=\n-----END RSA PRIVATE KEY-----\n",
            "private_key_pem_pkcs8": "-----BEGIN PRIVATE KEY-----\nMIIJQgIBADANBgkqhkiG9w0BAQEFAASCCSwwggkoAgEAAoICAQCWqtToOjKHjisC\n7i7fqJIqop/9U9AjblGLuh/cc1z41svLMQHccwwuutD4llwaGfr1ycKfo7quAOSn\n6FEAtZc9nq2agdqlKy7h7wwExcJiUHM+Hrpw5Er6b6lFovfcQ386+g1s0wPylljn\nDCx2uvvXOM35KAlTYOPzAId6aT781dhEkkgL+o+MzzteoYqxMytLRqrRhv3B9RVI\narFxylMX/orYMM/tHc2lA9SjlFWVJpnSL9MUqvGSdWMQHoP8vUrLOHP5A+KRnzkf\nYeCdu9+p4sKfls0ZGVBPK0A1Q3k5w2DQmy9DCO3etEN7a3OdyyhshZhxIN7MvYNM\nukPlRTwmCGb8/ymz9hO9tvuFILLzPGSB+CuXCUkyw8XOa0Wo75BCksA7Wwukf0K9\nK2L+IUr63oQxgTZpYmSAEACGbLbPq5cadhUB9Nq925IHvkFOUwVcABkaBry7yjLV\n3gaqm/WXIIiwR5b/Yrtg/69Gb+R8MI8OhoQDFMcPWzvi2N9e4piYVgZnR+tQ0jrP\njdSz2GRnEjb/t1oBEpSAPNZoelk5CP9kN894nlH48JLaEFrCNAzb/8PXPfUZdEBQ\nd1xZEIVa9xJvM/2ZUuo59FGFv31dQDFIuHm9pKKkOXbTddCCflMQ8j2DFgdwhz8V\n/q7JfBFQhJ5ugzbYaVQTJX8uvqIenQIDAQABAoICAA4HJMs5vpekEyQdigwKlWVW\nfoqRwaNy3jEiE10CpAmKci9ecOZraHB3YK/XIVx6xm9uVBUUo55szd1GQjh3L82D\nFyB3bk803ejCSX5Y7U1wYR0hCPSBhOub9t4uxgtiK208d9XbMGxnNtV4QDGOckE/\nyYmlAnfwDE6FN5fxnEricYAyQHaruFmAt+3fy4UjwahWEYnFmvMdPwM0OoY2M2tc\nqI+9Z7aThks9YpBtEKonjb3Qnxi3BnE/mwlsAJeeW4w1RYhN+3aEenHjZTblFaDV\n0I9sSndHmz8Wb07Q6US0CLETfyCA1dOHjsWQeRNxereJRBVlspN3IkuZXMCdeXPf\n1KkGMzHnBdAa7oHV3IQnNwgrtzS9IOzTi/2pItzNl7C74Jz8kAzeJdbdF6c0Gwsi\nnc9RPzdB2IK5tXFyfVsc292R9cn8sYAX2MvY9C9UyAHsUbIoCgT9QgmFqALC3mmQ\nxNI9aI/QK0V9rOZYypct5Ht+sw4+wZ8Nb1g83sIW7DVQfh7111YujFCJ85m1h7L4\nDPgysqKugmnOv3Hg+x9l6P6t0qXyNnsIOrpx+UcOlrBw5tnh49CC4OU9LiU2+B/k\nPi31XfEvqwpJjmGo9q9aA1SXgHLP+h85VzyZuoKtFZNFxq7kvu9G0ClIywW0Kjz6\nyv+yfbdu8Yz6UjGl0ZHfAoIBAQDGbFoXKHQO7Pt/txqEbh2dYZiGP+QDQ4i6OXQP\nKLikiQORpQnew2FlUxit6WID3OiS0UuTs9uYkhb/Vkzg8LWmIN64JWFjXVHZOjGK\nlbtQWxAvLR+6P9zYSF77CD04flBZvQpn2cj/r15akWMAjkMEVGS1NVqUWl10/XKi\nxcdQ66PwmTGH5COOm1cUcVLYvpEdrKe4Nf0UbhwsmAj5ihRnlIw/sce8j4eLsMc5\nRRDromlv1vvA2Z8B7vZ9ZfLeZR7eORtdtBpj2Of87hkOaLMV9mj9lPA8CkmVOheg\n5Y/CXKZPoRKH65TryJ664U7cHLkH+plGrmCozrKxsODuTvmDAoIBAQDCYvvJNT+A\nkgKes5zn0HrQjxnbct1uva3SRhPJbokxB9yanEzhpmlB+Rwc0WMtvzcuWpfuiVYa\n41CsW7/IVimXanQ/hMyNLRZ6JGKe0idOr837BKtGQAkXOfTlbs5g7zMQc5lOUZxO\nUVrF2lj6CMwelk3NtDuNrkyI4p7T7vCd+g6qU2VXmsPhB56HoggHRf2SJTyX4Fyj\nA3p0FcM/EPQ2qxmxFkuvqzfA7XT6PYbxOxYleWEf/qxyxrUiM6oRCZeT4LlZ7IBQ\nUOBUCbzPf1Bm2o5GdgdvVq3/+siWXaRff4CR2Ff+YSp4toT8ZaQ40cjKCkXEIIHn\nw2HJS4+Mkq1fAoIBACVAkmlmnuNueokvxzq1sbmqaQhLVnOGalUMFE4ERyYc0x60\n7XV1GQP85dVAy7YN81wdDyNb0Q6D3u1xNl3E01WtNiM8YVxWWNd/pW1vTwt3DULO\nJfbBpqS0caCPm27PyCYQ57M3oBTgx8YZJY0lKE/XyFB9A9R2YrVkH/GPUCxRESZK\nnJH2svZDE8YywGsQ3A3GLHbZK/p58bAtmwG+erY3nV0X83fjOn9vYPfPj62tgD4P\nDpTWRpQGWSCR01cNhQ4Tip+9AHdeca96xBmAbp7g9DUnkTK0e7wYe/cpIiRLYK3y\nf5glEoBx2dscEcIhYlutILm0Y1FN/R5/JruW+CECggEBAIsz/0Nz0mnsJdwom/CW\nJ507HTU96LzpMJUogfr6IVzvWFeQHq5pUW9hSXSJrhCQop+bWLoFt5fBuX/0pD5/\nFYHNRjpGi4V+CF6nt8gsjuGWnFdqXI0ORnRPmMTEuR5JrbPWVK71Wo3rTKnrV1SX\nADXXRRhOPWeUrlJIl50Fu2ImNGJdHnHB7wwzPJ+8tSsgQBpseBv7G9vRHdwLyapc\nJccQeHGMmd7PKjoK0n5xmTUfLxje92LGKhB3pDc98EgLKnVHtPRknO7nO/5yire9\nYIKHeOOUmnZtCGYL3aFwpcmNsTDAUSNlydhwPIPS9euKr9Ofz55H+T9Td6+DYOU2\nFNkCggEAAhg1uw0iKnHluAOZ6tvTsGce+TxpVFzG5HLYMBhibDcfKGqUPzqXMYVr\nFJbvqg3IcaMkH3UEkiYOO6rfbFlXORzz1mc89NygAyi5hEHdhE5p4LSDsxWGs/Au\nOAbECrEyIOGmb99X6xFBQAffSOxbZ1YONF+tLyEVMsB+VZFLXMWi7BGfKl91NlP1\nwNOf+b7/N7iXCFXN7UdoMEBL449TTGY5CDZwQ+Nr+FRXQuuzftz43AsRHQFQ4zLI\nzRCBtjBAJSstpy5236QIaovKaXv/qZKuXtiWxooYnvQn6kOCx9yIhxClyodSLg+v\nN4AJe319Bym8O8napVxSQnQ8kROWAg==\n-----END PRIVATE KEY-----\n",
            "public_key_fingerprint_md5": "ea:c3:18:5b:96:86:6f:b1:d1:09:e9:df:52:0f:cc:4e",
            "public_key_fingerprint_sha256": "SHA256:jC2U82yBseo24+o58thOkj0NVLZm4G7DkLoxLuA7rao",
            "public_key_openssh": "ssh-rsa AAAAB3NzaC1yc2EAAAADAQABAAACAQCWqtToOjKHjisC7i7fqJIqop/9U9AjblGLuh/cc1z41svLMQHccwwuutD4llwaGfr1ycKfo7quAOSn6FEAtZc9nq2agdqlKy7h7wwExcJiUHM+Hrpw5Er6b6lFovfcQ386+g1s0wPylljnDCx2uvvXOM35KAlTYOPzAId6aT781dhEkkgL+o+MzzteoYqxMytLRqrRhv3B9RVIarFxylMX/orYMM/tHc2lA9SjlFWVJpnSL9MUqvGSdWMQHoP8vUrLOHP5A+KRnzkfYeCdu9+p4sKfls0ZGVBPK0A1Q3k5w2DQmy9DCO3etEN7a3OdyyhshZhxIN7MvYNMukPlRTwmCGb8/ymz9hO9tvuFILLzPGSB+CuXCUkyw8XOa0Wo75BCksA7Wwukf0K9K2L+IUr63oQxgTZpYmSAEACGbLbPq5cadhUB9Nq925IHvkFOUwVcABkaBry7yjLV3gaqm/WXIIiwR5b/Yrtg/69Gb+R8MI8OhoQDFMcPWzvi2N9e4piYVgZnR+tQ0jrPjdSz2GRnEjb/t1oBEpSAPNZoelk5CP9kN894nlH48JLaEFrCNAzb/8PXPfUZdEBQd1xZEIVa9xJvM/2ZUuo59FGFv31dQDFIuHm9pKKkOXbTddCCflMQ8j2DFgdwhz8V/q7JfBFQhJ5ugzbYaVQTJX8uvqIenQ==\n",
            "public_key_pem": "-----BEGIN PUBLIC KEY-----\nMIICIjANBgkqhkiG9w0BAQEFAAOCAg8AMIICCgKCAgEAlqrU6Doyh44rAu4u36iS\nKqKf/VPQI25Ri7of3HNc+NbLyzEB3HMMLrrQ+JZcGhn69cnCn6O6rgDkp+hRALWX\nPZ6tmoHapSsu4e8MBMXCYlBzPh66cORK+m+pRaL33EN/OvoNbNMD8pZY5wwsdrr7\n1zjN+SgJU2Dj8wCHemk+/NXYRJJIC/qPjM87XqGKsTMrS0aq0Yb9wfUVSGqxccpT\nF/6K2DDP7R3NpQPUo5RVlSaZ0i/TFKrxknVjEB6D/L1Kyzhz+QPikZ85H2Hgnbvf\nqeLCn5bNGRlQTytANUN5OcNg0JsvQwjt3rRDe2tzncsobIWYcSDezL2DTLpD5UU8\nJghm/P8ps/YTvbb7hSCy8zxkgfgrlwlJMsPFzmtFqO+QQpLAO1sLpH9CvSti/iFK\n+t6EMYE2aWJkgBAAhmy2z6uXGnYVAfTavduSB75BTlMFXAAZGga8u8oy1d4Gqpv1\nlyCIsEeW/2K7YP+vRm/kfDCPDoaEAxTHD1s74tjfXuKYmFYGZ0frUNI6z43Us9hk\nZxI2/7daARKUgDzWaHpZOQj/ZDfPeJ5R+PCS2hBawjQM2//D1z31GXRAUHdcWRCF\nWvcSbzP9mVLqOfRRhb99XUAxSLh5vaSipDl203XQgn5TEPI9gxYHcIc/Ff6uyXwR\nUISeboM22GlUEyV/Lr6iHp0CAwEAAQ==\n-----END PUBLIC KEY-----\n",
            "rsa_bits": 4096
          },
          "sensitive_attributes": [
            [
              {
                "type": "get_attr",
                "value": "private_key_pem_pkcs8"
              }
            ],
            [
              {
                "type": "get_attr",
                "value": "private_key_openssh"
              }
            ],
            [
              {
                "type": "get_attr",
                "value": "private_key_pem"
              }
            ]
          ]
        }
      ]
    },
    {
      "module": "module.internet-gateway",
      "mode": "managed",
      "type": "aws_internet_gateway",
      "name": "IGW-DATACOSMO",
      "provider": "provider[\"registry.terraform.io/hashicorp/aws\"]",
      "instances": [
        {
          "schema_version": 0,
          "attributes": {
            "arn": "arn:aws:ec2:us-east-2:761014375856:internet-gateway/igw-0a8ee69d03eebbac3",
            "id": "igw-0a8ee69d03eebbac3",
            "owner_id": "761014375856",
            "tags": {
              "Environment": "Development",
              "Name": "IGW-DATACOSMO",
              "Owner": "Breno Kevin Xavier Silva",
              "Tool": "Terraform"
            },
            "tags_all": {
              "Environment": "Development",
              "Name": "IGW-DATACOSMO",
              "Owner": "Breno Kevin Xavier Silva",
              "Tool": "Terraform"
            },
            "timeouts": null,
            "vpc_id": "vpc-0f32bb98809d09932"
          },
          "sensitive_attributes": [],
          "private": "eyJlMmJmYjczMC1lY2FhLTExZTYtOGY4OC0zNDM2M2JjN2M0YzAiOnsiY3JlYXRlIjoxMjAwMDAwMDAwMDAwLCJkZWxldGUiOjEyMDAwMDAwMDAwMDAsInVwZGF0ZSI6MTIwMDAwMDAwMDAwMH19",
          "dependencies": [
            "module.subnet.aws_subnet.SUB-PRIVATE-DATACOSMO-01",
            "module.subnet.aws_subnet.SUB-PRIVATE-DATACOSMO-02",
            "module.subnet.aws_subnet.SUB-PUBLIC-DATACOSMO-01",
            "module.subnet.aws_subnet.SUB-PUBLIC-DATACOSMO-02",
            "module.vpc.aws_vpc.VPC-DATACOSMO"
          ]
        }
      ]
    },
    {
      "module": "module.nat-gateway",
      "mode": "managed",
      "type": "aws_eip",
      "name": "NAT-DATACOSMO",
      "provider": "provider[\"registry.terraform.io/hashicorp/aws\"]",
      "instances": [
        {
          "schema_version": 0,
          "attributes": {
            "address": null,
            "allocation_id": "eipalloc-04b77c1c3f5f2ef9d",
            "arn": "arn:aws:ec2:us-east-2:761014375856:elastic-ip/eipalloc-04b77c1c3f5f2ef9d",
            "associate_with_private_ip": null,
            "association_id": "eipassoc-0825896034f7adc54",
            "carrier_ip": "",
            "customer_owned_ip": "",
            "customer_owned_ipv4_pool": "",
            "domain": "vpc",
            "id": "eipalloc-04b77c1c3f5f2ef9d",
            "instance": "",
            "ipam_pool_id": null,
            "network_border_group": "us-east-2",
            "network_interface": "eni-0ef4c2ee4bb30d643",
            "private_dns": "ip-10-232-44-204.us-east-2.compute.internal",
            "private_ip": "10.232.44.204",
            "ptr_record": "",
            "public_dns": "ec2-18-216-53-96.us-east-2.compute.amazonaws.com",
            "public_ip": "18.216.53.96",
            "public_ipv4_pool": "amazon",
            "tags": {
              "Environment": "Development",
              "Name": "NAT-DATACOSMO",
              "Owner": "Breno Kevin Xavier Silva",
              "Tool": "Terraform"
            },
            "tags_all": {
              "Environment": "Development",
              "Name": "NAT-DATACOSMO",
              "Owner": "Breno Kevin Xavier Silva",
              "Tool": "Terraform"
            },
            "timeouts": null,
            "vpc": true
          },
          "sensitive_attributes": [],
          "private": "eyJlMmJmYjczMC1lY2FhLTExZTYtOGY4OC0zNDM2M2JjN2M0YzAiOnsiZGVsZXRlIjoxODAwMDAwMDAwMDAsInJlYWQiOjkwMDAwMDAwMDAwMCwidXBkYXRlIjozMDAwMDAwMDAwMDB9fQ==",
          "dependencies": [
            "module.subnet.aws_subnet.SUB-PRIVATE-DATACOSMO-01",
            "module.subnet.aws_subnet.SUB-PRIVATE-DATACOSMO-02",
            "module.subnet.aws_subnet.SUB-PUBLIC-DATACOSMO-01",
            "module.subnet.aws_subnet.SUB-PUBLIC-DATACOSMO-02",
            "module.vpc.aws_vpc.VPC-DATACOSMO"
          ]
        }
      ]
    },
    {
      "module": "module.nat-gateway",
      "mode": "managed",
      "type": "aws_nat_gateway",
      "name": "NGW-DATACOSMO",
      "provider": "provider[\"registry.terraform.io/hashicorp/aws\"]",
      "instances": [
        {
          "schema_version": 0,
          "attributes": {
            "allocation_id": "eipalloc-04b77c1c3f5f2ef9d",
            "association_id": "eipassoc-0825896034f7adc54",
            "connectivity_type": "public",
            "id": "nat-033e9990d30393bab",
            "network_interface_id": "eni-0ef4c2ee4bb30d643",
            "private_ip": "10.232.44.204",
            "public_ip": "18.216.53.96",
            "secondary_allocation_ids": [],
            "secondary_private_ip_address_count": 0,
            "secondary_private_ip_addresses": [],
            "subnet_id": "subnet-0abc9f37eae065a18",
            "tags": {
              "Environment": "Development",
              "Name": "NGW-DATACOSMO",
              "Owner": "Breno Kevin Xavier Silva",
              "Tool": "Terraform"
            },
            "tags_all": {
              "Environment": "Development",
              "Name": "NGW-DATACOSMO",
              "Owner": "Breno Kevin Xavier Silva",
              "Tool": "Terraform"
            },
            "timeouts": null
          },
          "sensitive_attributes": [],
          "private": "eyJlMmJmYjczMC1lY2FhLTExZTYtOGY4OC0zNDM2M2JjN2M0YzAiOnsiY3JlYXRlIjo2MDAwMDAwMDAwMDAsImRlbGV0ZSI6MTgwMDAwMDAwMDAwMCwidXBkYXRlIjo2MDAwMDAwMDAwMDB9fQ==",
          "dependencies": [
            "module.nat-gateway.aws_eip.NAT-DATACOSMO",
            "module.subnet.aws_subnet.SUB-PRIVATE-DATACOSMO-01",
            "module.subnet.aws_subnet.SUB-PRIVATE-DATACOSMO-02",
            "module.subnet.aws_subnet.SUB-PUBLIC-DATACOSMO-01",
            "module.subnet.aws_subnet.SUB-PUBLIC-DATACOSMO-02",
            "module.vpc.aws_vpc.VPC-DATACOSMO"
          ]
        }
      ]
    },
    {
      "module": "module.rds-manager-database",
      "mode": "managed",
      "type": "aws_db_instance",
      "name": "this",
      "provider": "provider[\"registry.terraform.io/hashicorp/aws\"]",
      "instances": [
        {
          "schema_version": 2,
          "attributes": {
            "address": "my-rds-db.cne0weeq4nso.us-east-2.rds.amazonaws.com",
            "allocated_storage": 20,
            "allow_major_version_upgrade": null,
            "apply_immediately": false,
            "arn": "arn:aws:rds:us-east-2:761014375856:db:my-rds-db",
            "auto_minor_version_upgrade": true,
            "availability_zone": "us-east-2b",
            "backup_retention_period": 0,
            "backup_target": "region",
            "backup_window": "03:53-04:23",
            "blue_green_update": [],
            "ca_cert_identifier": "rds-ca-rsa2048-g1",
            "character_set_name": "",
            "copy_tags_to_snapshot": false,
            "custom_iam_instance_profile": "",
            "customer_owned_ip_enabled": false,
            "database_insights_mode": "standard",
            "db_name": "mydatabase",
            "db_subnet_group_name": "rds-subnet-group",
            "dedicated_log_volume": false,
            "delete_automated_backups": true,
            "deletion_protection": false,
            "domain": "",
            "domain_auth_secret_arn": "",
            "domain_dns_ips": [],
            "domain_fqdn": "",
            "domain_iam_role_name": "",
            "domain_ou": "",
            "enabled_cloudwatch_logs_exports": [],
            "endpoint": "my-rds-db.cne0weeq4nso.us-east-2.rds.amazonaws.com:3306",
            "engine": "mysql",
            "engine_lifecycle_support": "open-source-rds-extended-support",
            "engine_version": "8.0",
            "engine_version_actual": "8.0.41",
            "final_snapshot_identifier": null,
            "hosted_zone_id": "Z2XHWR1WZ565X2",
            "iam_database_authentication_enabled": false,
            "id": "db-TAQLBKQG5TPG7PIEFDYKD5AA5I",
            "identifier": "my-rds-db",
            "identifier_prefix": "",
            "instance_class": "db.t4g.micro",
            "iops": 0,
            "kms_key_id": "",
            "latest_restorable_time": "",
            "license_model": "general-public-license",
            "listener_endpoint": [],
            "maintenance_window": "sun:09:40-sun:10:10",
            "manage_master_user_password": null,
            "master_user_secret": [],
            "master_user_secret_kms_key_id": null,
            "max_allocated_storage": 0,
            "monitoring_interval": 0,
            "monitoring_role_arn": "",
            "multi_az": false,
            "nchar_character_set_name": "",
            "network_type": "IPV4",
            "option_group_name": "default:mysql-8-0",
            "parameter_group_name": "default.mysql8.0",
            "password": "SuperSecret123!",
            "password_wo": null,
            "password_wo_version": null,
            "performance_insights_enabled": false,
            "performance_insights_kms_key_id": "",
            "performance_insights_retention_period": 0,
            "port": 3306,
            "publicly_accessible": false,
            "replica_mode": "",
            "replicas": [],
            "replicate_source_db": "",
            "resource_id": "db-TAQLBKQG5TPG7PIEFDYKD5AA5I",
            "restore_to_point_in_time": [],
            "s3_import": [],
            "skip_final_snapshot": true,
            "snapshot_identifier": null,
            "status": "available",
            "storage_encrypted": false,
            "storage_throughput": 0,
            "storage_type": "gp2",
            "tags": {
              "Environment": "dev",
              "Project": "infra"
            },
            "tags_all": {
              "Environment": "dev",
              "Project": "infra"
            },
            "timeouts": null,
            "timezone": "",
            "upgrade_storage_config": null,
            "username": "admin",
            "vpc_security_group_ids": [
              "sg-04c396fe2c3c3adbc"
            ]
          },
          "sensitive_attributes": [
            [
              {
                "type": "get_attr",
                "value": "password_wo"
              }
            ],
            [
              {
                "type": "get_attr",
                "value": "password"
              }
            ]
          ],
          "private": "eyJlMmJmYjczMC1lY2FhLTExZTYtOGY4OC0zNDM2M2JjN2M0YzAiOnsiY3JlYXRlIjozMDAwMDAwMDAwMDAwLCJkZWxldGUiOjM2MDAwMDAwMDAwMDAsInVwZGF0ZSI6NDgwMDAwMDAwMDAwMH0sInNjaGVtYV92ZXJzaW9uIjoiMiJ9",
          "dependencies": [
            "module.db_subnet_group.aws_db_subnet_group.this",
            "module.internet-gateway.aws_internet_gateway.IGW-DATACOSMO",
            "module.nat-gateway.aws_eip.NAT-DATACOSMO",
            "module.nat-gateway.aws_nat_gateway.NGW-DATACOSMO",
            "module.route-table.aws_route_table.RT-PRIVATE-DATACOSMO",
            "module.route-table.aws_route_table.RT-PUBLIC-DATACOSMO",
            "module.route-table.aws_route_table_association.RT-PRIVATE-DATACOSMO-1-a",
            "module.route-table.aws_route_table_association.RT-PRIVATE-DATACOSMO-2-b",
            "module.route-table.aws_route_table_association.RT-PUBLIC-DATACOSMO-1-a",
            "module.route-table.aws_route_table_association.RT-PUBLIC-DATACOSMO-2-b",
            "module.sg_private_db.aws_security_group.this",
            "module.subnet.aws_subnet.SUB-PRIVATE-DATACOSMO-01",
            "module.subnet.aws_subnet.SUB-PRIVATE-DATACOSMO-02",
            "module.subnet.aws_subnet.SUB-PUBLIC-DATACOSMO-01",
            "module.subnet.aws_subnet.SUB-PUBLIC-DATACOSMO-02",
            "module.vpc.aws_vpc.VPC-DATACOSMO"
          ]
        }
      ]
    },
    {
      "module": "module.route-table",
      "mode": "managed",
      "type": "aws_route_table",
      "name": "RT-PRIVATE-DATACOSMO",
      "provider": "provider[\"registry.terraform.io/hashicorp/aws\"]",
      "instances": [
        {
          "schema_version": 0,
          "attributes": {
            "arn": "arn:aws:ec2:us-east-2:761014375856:route-table/rtb-0255c1458dda8eff6",
            "id": "rtb-0255c1458dda8eff6",
            "owner_id": "761014375856",
            "propagating_vgws": [],
            "route": [
              {
                "carrier_gateway_id": "",
                "cidr_block": "0.0.0.0/0",
                "core_network_arn": "",
                "destination_prefix_list_id": "",
                "egress_only_gateway_id": "",
                "gateway_id": "nat-033e9990d30393bab",
                "ipv6_cidr_block": "",
                "local_gateway_id": "",
                "nat_gateway_id": "",
                "network_interface_id": "",
                "transit_gateway_id": "",
                "vpc_endpoint_id": "",
                "vpc_peering_connection_id": ""
              }
            ],
            "tags": {
              "Environment": "Development",
              "Name": "RT-PRIVATE-DATACOSMO",
              "Owner": "Breno Kevin Xavier Silva",
              "Tool": "Terraform"
            },
            "tags_all": {
              "Environment": "Development",
              "Name": "RT-PRIVATE-DATACOSMO",
              "Owner": "Breno Kevin Xavier Silva",
              "Tool": "Terraform"
            },
            "timeouts": null,
            "vpc_id": "vpc-0f32bb98809d09932"
          },
          "sensitive_attributes": [],
          "private": "eyJlMmJmYjczMC1lY2FhLTExZTYtOGY4OC0zNDM2M2JjN2M0YzAiOnsiY3JlYXRlIjozMDAwMDAwMDAwMDAsImRlbGV0ZSI6MzAwMDAwMDAwMDAwLCJ1cGRhdGUiOjEyMDAwMDAwMDAwMH19",
          "dependencies": [
            "module.nat-gateway.aws_eip.NAT-DATACOSMO",
            "module.nat-gateway.aws_nat_gateway.NGW-DATACOSMO",
            "module.subnet.aws_subnet.SUB-PRIVATE-DATACOSMO-01",
            "module.subnet.aws_subnet.SUB-PRIVATE-DATACOSMO-02",
            "module.subnet.aws_subnet.SUB-PUBLIC-DATACOSMO-01",
            "module.subnet.aws_subnet.SUB-PUBLIC-DATACOSMO-02",
            "module.vpc.aws_vpc.VPC-DATACOSMO"
          ]
        }
      ]
    },
    {
      "module": "module.route-table",
      "mode": "managed",
      "type": "aws_route_table",
      "name": "RT-PUBLIC-DATACOSMO",
      "provider": "provider[\"registry.terraform.io/hashicorp/aws\"]",
      "instances": [
        {
          "schema_version": 0,
          "attributes": {
            "arn": "arn:aws:ec2:us-east-2:761014375856:route-table/rtb-07b32df3b7d45807f",
            "id": "rtb-07b32df3b7d45807f",
            "owner_id": "761014375856",
            "propagating_vgws": [],
            "route": [
              {
                "carrier_gateway_id": "",
                "cidr_block": "0.0.0.0/0",
                "core_network_arn": "",
                "destination_prefix_list_id": "",
                "egress_only_gateway_id": "",
                "gateway_id": "igw-0a8ee69d03eebbac3",
                "ipv6_cidr_block": "",
                "local_gateway_id": "",
                "nat_gateway_id": "",
                "network_interface_id": "",
                "transit_gateway_id": "",
                "vpc_endpoint_id": "",
                "vpc_peering_connection_id": ""
              }
            ],
            "tags": {
              "Environment": "Development",
              "Name": "RT-PUBLIC-DATACOSMO",
              "Owner": "Breno Kevin Xavier Silva",
              "Tool": "Terraform"
            },
            "tags_all": {
              "Environment": "Development",
              "Name": "RT-PUBLIC-DATACOSMO",
              "Owner": "Breno Kevin Xavier Silva",
              "Tool": "Terraform"
            },
            "timeouts": null,
            "vpc_id": "vpc-0f32bb98809d09932"
          },
          "sensitive_attributes": [],
          "private": "eyJlMmJmYjczMC1lY2FhLTExZTYtOGY4OC0zNDM2M2JjN2M0YzAiOnsiY3JlYXRlIjozMDAwMDAwMDAwMDAsImRlbGV0ZSI6MzAwMDAwMDAwMDAwLCJ1cGRhdGUiOjEyMDAwMDAwMDAwMH19",
          "dependencies": [
            "module.internet-gateway.aws_internet_gateway.IGW-DATACOSMO",
            "module.nat-gateway.aws_eip.NAT-DATACOSMO",
            "module.nat-gateway.aws_nat_gateway.NGW-DATACOSMO",
            "module.subnet.aws_subnet.SUB-PRIVATE-DATACOSMO-01",
            "module.subnet.aws_subnet.SUB-PRIVATE-DATACOSMO-02",
            "module.subnet.aws_subnet.SUB-PUBLIC-DATACOSMO-01",
            "module.subnet.aws_subnet.SUB-PUBLIC-DATACOSMO-02",
            "module.vpc.aws_vpc.VPC-DATACOSMO"
          ]
        }
      ]
    },
    {
      "module": "module.route-table",
      "mode": "managed",
      "type": "aws_route_table_association",
      "name": "RT-PRIVATE-DATACOSMO-1-a",
      "provider": "provider[\"registry.terraform.io/hashicorp/aws\"]",
      "instances": [
        {
          "schema_version": 0,
          "attributes": {
            "gateway_id": "",
            "id": "rtbassoc-0ae2de01fc10c0e51",
            "route_table_id": "rtb-0255c1458dda8eff6",
            "subnet_id": "subnet-0eb89d1a624a599a4",
            "timeouts": null
          },
          "sensitive_attributes": [],
          "private": "eyJlMmJmYjczMC1lY2FhLTExZTYtOGY4OC0zNDM2M2JjN2M0YzAiOnsiY3JlYXRlIjozMDAwMDAwMDAwMDAsImRlbGV0ZSI6MzAwMDAwMDAwMDAwLCJ1cGRhdGUiOjEyMDAwMDAwMDAwMH19",
          "dependencies": [
            "module.nat-gateway.aws_eip.NAT-DATACOSMO",
            "module.nat-gateway.aws_nat_gateway.NGW-DATACOSMO",
            "module.route-table.aws_route_table.RT-PRIVATE-DATACOSMO",
            "module.subnet.aws_subnet.SUB-PRIVATE-DATACOSMO-01",
            "module.subnet.aws_subnet.SUB-PRIVATE-DATACOSMO-02",
            "module.subnet.aws_subnet.SUB-PUBLIC-DATACOSMO-01",
            "module.subnet.aws_subnet.SUB-PUBLIC-DATACOSMO-02",
            "module.vpc.aws_vpc.VPC-DATACOSMO"
          ]
        }
      ]
    },
    {
      "module": "module.route-table",
      "mode": "managed",
      "type": "aws_route_table_association",
      "name": "RT-PRIVATE-DATACOSMO-2-b",
      "provider": "provider[\"registry.terraform.io/hashicorp/aws\"]",
      "instances": [
        {
          "schema_version": 0,
          "attributes": {
            "gateway_id": "",
            "id": "rtbassoc-0fb9e1af61b8a8783",
            "route_table_id": "rtb-0255c1458dda8eff6",
            "subnet_id": "subnet-09573f169442e4603",
            "timeouts": null
          },
          "sensitive_attributes": [],
          "private": "eyJlMmJmYjczMC1lY2FhLTExZTYtOGY4OC0zNDM2M2JjN2M0YzAiOnsiY3JlYXRlIjozMDAwMDAwMDAwMDAsImRlbGV0ZSI6MzAwMDAwMDAwMDAwLCJ1cGRhdGUiOjEyMDAwMDAwMDAwMH19",
          "dependencies": [
            "module.nat-gateway.aws_eip.NAT-DATACOSMO",
            "module.nat-gateway.aws_nat_gateway.NGW-DATACOSMO",
            "module.route-table.aws_route_table.RT-PRIVATE-DATACOSMO",
            "module.subnet.aws_subnet.SUB-PRIVATE-DATACOSMO-01",
            "module.subnet.aws_subnet.SUB-PRIVATE-DATACOSMO-02",
            "module.subnet.aws_subnet.SUB-PUBLIC-DATACOSMO-01",
            "module.subnet.aws_subnet.SUB-PUBLIC-DATACOSMO-02",
            "module.vpc.aws_vpc.VPC-DATACOSMO"
          ]
        }
      ]
    },
    {
      "module": "module.route-table",
      "mode": "managed",
      "type": "aws_route_table_association",
      "name": "RT-PUBLIC-DATACOSMO-1-a",
      "provider": "provider[\"registry.terraform.io/hashicorp/aws\"]",
      "instances": [
        {
          "schema_version": 0,
          "attributes": {
            "gateway_id": "",
            "id": "rtbassoc-05376e5590821e00d",
            "route_table_id": "rtb-07b32df3b7d45807f",
            "subnet_id": "subnet-0abc9f37eae065a18",
            "timeouts": null
          },
          "sensitive_attributes": [],
          "private": "eyJlMmJmYjczMC1lY2FhLTExZTYtOGY4OC0zNDM2M2JjN2M0YzAiOnsiY3JlYXRlIjozMDAwMDAwMDAwMDAsImRlbGV0ZSI6MzAwMDAwMDAwMDAwLCJ1cGRhdGUiOjEyMDAwMDAwMDAwMH19",
          "dependencies": [
            "module.internet-gateway.aws_internet_gateway.IGW-DATACOSMO",
            "module.nat-gateway.aws_eip.NAT-DATACOSMO",
            "module.nat-gateway.aws_nat_gateway.NGW-DATACOSMO",
            "module.route-table.aws_route_table.RT-PUBLIC-DATACOSMO",
            "module.subnet.aws_subnet.SUB-PRIVATE-DATACOSMO-01",
            "module.subnet.aws_subnet.SUB-PRIVATE-DATACOSMO-02",
            "module.subnet.aws_subnet.SUB-PUBLIC-DATACOSMO-01",
            "module.subnet.aws_subnet.SUB-PUBLIC-DATACOSMO-02",
            "module.vpc.aws_vpc.VPC-DATACOSMO"
          ]
        }
      ]
    },
    {
      "module": "module.route-table",
      "mode": "managed",
      "type": "aws_route_table_association",
      "name": "RT-PUBLIC-DATACOSMO-2-b",
      "provider": "provider[\"registry.terraform.io/hashicorp/aws\"]",
      "instances": [
        {
          "schema_version": 0,
          "attributes": {
            "gateway_id": "",
            "id": "rtbassoc-0de11a0ca26915e38",
            "route_table_id": "rtb-07b32df3b7d45807f",
            "subnet_id": "subnet-037faad860f2b041a",
            "timeouts": null
          },
          "sensitive_attributes": [],
          "private": "eyJlMmJmYjczMC1lY2FhLTExZTYtOGY4OC0zNDM2M2JjN2M0YzAiOnsiY3JlYXRlIjozMDAwMDAwMDAwMDAsImRlbGV0ZSI6MzAwMDAwMDAwMDAwLCJ1cGRhdGUiOjEyMDAwMDAwMDAwMH19",
          "dependencies": [
            "module.internet-gateway.aws_internet_gateway.IGW-DATACOSMO",
            "module.nat-gateway.aws_eip.NAT-DATACOSMO",
            "module.nat-gateway.aws_nat_gateway.NGW-DATACOSMO",
            "module.route-table.aws_route_table.RT-PUBLIC-DATACOSMO",
            "module.subnet.aws_subnet.SUB-PRIVATE-DATACOSMO-01",
            "module.subnet.aws_subnet.SUB-PRIVATE-DATACOSMO-02",
            "module.subnet.aws_subnet.SUB-PUBLIC-DATACOSMO-01",
            "module.subnet.aws_subnet.SUB-PUBLIC-DATACOSMO-02",
            "module.vpc.aws_vpc.VPC-DATACOSMO"
          ]
        }
      ]
    },
    {
      "module": "module.sg_private",
      "mode": "managed",
      "type": "aws_security_group",
      "name": "this",
      "provider": "provider[\"registry.terraform.io/hashicorp/aws\"]",
      "instances": [
        {
          "schema_version": 1,
          "attributes": {
            "arn": "arn:aws:ec2:us-east-2:761014375856:security-group/sg-07af92cf55725da0a",
            "description": "Private SG ",
            "egress": [
              {
                "cidr_blocks": [
                  "0.0.0.0/0"
                ],
                "description": "Allow all outbound traffic",
                "from_port": 0,
                "ipv6_cidr_blocks": [],
                "prefix_list_ids": [],
                "protocol": "-1",
                "security_groups": [],
                "self": false,
                "to_port": 0
              }
            ],
            "id": "sg-07af92cf55725da0a",
            "ingress": [
              {
                "cidr_blocks": [
                  "0.0.0.0/0"
                ],
                "description": "Internal service port",
                "from_port": 8080,
                "ipv6_cidr_blocks": [],
                "prefix_list_ids": [],
                "protocol": "tcp",
                "security_groups": [],
                "self": false,
                "to_port": 8080
              },
              {
                "cidr_blocks": [
                  "0.0.0.0/0"
                ],
                "description": "SSH",
                "from_port": 22,
                "ipv6_cidr_blocks": [],
                "prefix_list_ids": [],
                "protocol": "tcp",
                "security_groups": [],
                "self": false,
                "to_port": 22
              }
            ],
            "name": "private",
            "name_prefix": "",
            "owner_id": "761014375856",
            "revoke_rules_on_delete": false,
            "tags": {
              "Name": "Private SG",
              "environment": "Development",
              "owner": "Breno Kevin Xavier Silva"
            },
            "tags_all": {
              "Name": "Private SG",
              "environment": "Development",
              "owner": "Breno Kevin Xavier Silva"
            },
            "timeouts": null,
            "vpc_id": "vpc-0f32bb98809d09932"
          },
          "sensitive_attributes": [],
          "private": "eyJlMmJmYjczMC1lY2FhLTExZTYtOGY4OC0zNDM2M2JjN2M0YzAiOnsiY3JlYXRlIjo2MDAwMDAwMDAwMDAsImRlbGV0ZSI6OTAwMDAwMDAwMDAwfSwic2NoZW1hX3ZlcnNpb24iOiIxIn0=",
          "dependencies": [
            "module.vpc.aws_vpc.VPC-DATACOSMO"
          ]
        }
      ]
    },
    {
      "module": "module.sg_private_db",
      "mode": "managed",
      "type": "aws_security_group",
      "name": "this",
      "provider": "provider[\"registry.terraform.io/hashicorp/aws\"]",
      "instances": [
        {
          "schema_version": 1,
          "attributes": {
            "arn": "arn:aws:ec2:us-east-2:761014375856:security-group/sg-04c396fe2c3c3adbc",
            "description": "Private SG db",
            "egress": [
              {
                "cidr_blocks": [
                  "0.0.0.0/0"
                ],
                "description": "Allow all outbound traffic",
                "from_port": 0,
                "ipv6_cidr_blocks": [],
                "prefix_list_ids": [],
                "protocol": "-1",
                "security_groups": [],
                "self": false,
                "to_port": 0
              }
            ],
            "id": "sg-04c396fe2c3c3adbc",
            "ingress": [
              {
                "cidr_blocks": [
                  "0.0.0.0/0"
                ],
                "description": "Internal service port",
                "from_port": 8080,
                "ipv6_cidr_blocks": [],
                "prefix_list_ids": [],
                "protocol": "tcp",
                "security_groups": [],
                "self": false,
                "to_port": 8080
              },
              {
                "cidr_blocks": [
                  "0.0.0.0/0"
                ],
                "description": "SSH",
                "from_port": 22,
                "ipv6_cidr_blocks": [],
                "prefix_list_ids": [],
                "protocol": "tcp",
                "security_groups": [],
                "self": false,
                "to_port": 22
              }
            ],
            "name": "private_db",
            "name_prefix": "",
            "owner_id": "761014375856",
            "revoke_rules_on_delete": false,
            "tags": {
              "Name": "Private SG",
              "environment": "Development",
              "owner": "Breno Kevin Xavier Silva"
            },
            "tags_all": {
              "Name": "Private SG",
              "environment": "Development",
              "owner": "Breno Kevin Xavier Silva"
            },
            "timeouts": null,
            "vpc_id": "vpc-0f32bb98809d09932"
          },
          "sensitive_attributes": [],
          "private": "eyJlMmJmYjczMC1lY2FhLTExZTYtOGY4OC0zNDM2M2JjN2M0YzAiOnsiY3JlYXRlIjo2MDAwMDAwMDAwMDAsImRlbGV0ZSI6OTAwMDAwMDAwMDAwfSwic2NoZW1hX3ZlcnNpb24iOiIxIn0=",
          "dependencies": [
            "module.vpc.aws_vpc.VPC-DATACOSMO"
          ]
        }
      ]
    },
    {
      "module": "module.sg_public",
      "mode": "managed",
      "type": "aws_security_group",
      "name": "this",
      "provider": "provider[\"registry.terraform.io/hashicorp/aws\"]",
      "instances": [
        {
          "schema_version": 1,
          "attributes": {
            "arn": "arn:aws:ec2:us-east-2:761014375856:security-group/sg-009c2eb6c565167d1",
            "description": "Allow SSH, HTTP, HTTPS and 14998/UDP",
            "egress": [
              {
                "cidr_blocks": [
                  "0.0.0.0/0"
                ],
                "description": "Allow all outbound traffic",
                "from_port": 0,
                "ipv6_cidr_blocks": [],
                "prefix_list_ids": [],
                "protocol": "-1",
                "security_groups": [],
                "self": false,
                "to_port": 0
              }
            ],
            "id": "sg-009c2eb6c565167d1",
            "ingress": [
              {
                "cidr_blocks": [
                  "187.106.3.170/32"
                ],
                "description": "Custom UDP",
                "from_port": 12303,
                "ipv6_cidr_blocks": [],
                "prefix_list_ids": [],
                "protocol": "udp",
                "security_groups": [],
                "self": false,
                "to_port": 12303
              },
              {
                "cidr_blocks": [
                  "187.106.3.170/32"
                ],
                "description": "HTTP",
                "from_port": 80,
                "ipv6_cidr_blocks": [],
                "prefix_list_ids": [],
                "protocol": "tcp",
                "security_groups": [],
                "self": false,
                "to_port": 80
              },
              {
                "cidr_blocks": [
                  "187.106.3.170/32"
                ],
                "description": "HTTPS",
                "from_port": 443,
                "ipv6_cidr_blocks": [],
                "prefix_list_ids": [],
                "protocol": "tcp",
                "security_groups": [],
                "self": false,
                "to_port": 443
              },
              {
                "cidr_blocks": [
                  "187.106.3.170/32"
                ],
                "description": "SSH",
                "from_port": 22,
                "ipv6_cidr_blocks": [],
                "prefix_list_ids": [],
                "protocol": "tcp",
                "security_groups": [],
                "self": false,
                "to_port": 22
              }
            ],
            "name": "bastion-vpn",
            "name_prefix": "",
            "owner_id": "761014375856",
            "revoke_rules_on_delete": false,
            "tags": {
              "Name": "Public SG bastion",
              "environment": "Development",
              "owner": "Breno Kevin Xavier Silva"
            },
            "tags_all": {
              "Name": "Public SG bastion",
              "environment": "Development",
              "owner": "Breno Kevin Xavier Silva"
            },
            "timeouts": null,
            "vpc_id": "vpc-0f32bb98809d09932"
          },
          "sensitive_attributes": [],
          "private": "eyJlMmJmYjczMC1lY2FhLTExZTYtOGY4OC0zNDM2M2JjN2M0YzAiOnsiY3JlYXRlIjo2MDAwMDAwMDAwMDAsImRlbGV0ZSI6OTAwMDAwMDAwMDAwfSwic2NoZW1hX3ZlcnNpb24iOiIxIn0=",
          "dependencies": [
            "module.vpc.aws_vpc.VPC-DATACOSMO"
          ]
        }
      ]
    },
    {
      "module": "module.subnet",
      "mode": "managed",
      "type": "aws_subnet",
      "name": "SUB-PRIVATE-DATACOSMO-01",
      "provider": "provider[\"registry.terraform.io/hashicorp/aws\"]",
      "instances": [
        {
          "schema_version": 1,
          "attributes": {
            "arn": "arn:aws:ec2:us-east-2:761014375856:subnet/subnet-0eb89d1a624a599a4",
            "assign_ipv6_address_on_creation": false,
            "availability_zone": "us-east-2a",
            "availability_zone_id": "use2-az1",
            "cidr_block": "10.232.46.0/24",
            "customer_owned_ipv4_pool": "",
            "enable_dns64": false,
            "enable_lni_at_device_index": 0,
            "enable_resource_name_dns_a_record_on_launch": false,
            "enable_resource_name_dns_aaaa_record_on_launch": false,
            "id": "subnet-0eb89d1a624a599a4",
            "ipv6_cidr_block": "",
            "ipv6_cidr_block_association_id": "",
            "ipv6_native": false,
            "map_customer_owned_ip_on_launch": false,
            "map_public_ip_on_launch": true,
            "outpost_arn": "",
            "owner_id": "761014375856",
            "private_dns_hostname_type_on_launch": "ip-name",
            "tags": {
              "Environment": "Development",
              "Name": "SUB-PRIVATE-DATACOSMO-01",
              "Owner": "Breno Kevin Xavier Silva",
              "Tool": "Terraform"
            },
            "tags_all": {
              "Environment": "Development",
              "Name": "SUB-PRIVATE-DATACOSMO-01",
              "Owner": "Breno Kevin Xavier Silva",
              "Tool": "Terraform"
            },
            "timeouts": null,
            "vpc_id": "vpc-0f32bb98809d09932"
          },
          "sensitive_attributes": [],
          "private": "eyJlMmJmYjczMC1lY2FhLTExZTYtOGY4OC0zNDM2M2JjN2M0YzAiOnsiY3JlYXRlIjo2MDAwMDAwMDAwMDAsImRlbGV0ZSI6MTIwMDAwMDAwMDAwMH0sInNjaGVtYV92ZXJzaW9uIjoiMSJ9",
          "dependencies": [
            "module.vpc.aws_vpc.VPC-DATACOSMO"
          ]
        }
      ]
    },
    {
      "module": "module.subnet",
      "mode": "managed",
      "type": "aws_subnet",
      "name": "SUB-PRIVATE-DATACOSMO-02",
      "provider": "provider[\"registry.terraform.io/hashicorp/aws\"]",
      "instances": [
        {
          "schema_version": 1,
          "attributes": {
            "arn": "arn:aws:ec2:us-east-2:761014375856:subnet/subnet-09573f169442e4603",
            "assign_ipv6_address_on_creation": false,
            "availability_zone": "us-east-2b",
            "availability_zone_id": "use2-az2",
            "cidr_block": "10.232.45.0/24",
            "customer_owned_ipv4_pool": "",
            "enable_dns64": false,
            "enable_lni_at_device_index": 0,
            "enable_resource_name_dns_a_record_on_launch": false,
            "enable_resource_name_dns_aaaa_record_on_launch": false,
            "id": "subnet-09573f169442e4603",
            "ipv6_cidr_block": "",
            "ipv6_cidr_block_association_id": "",
            "ipv6_native": false,
            "map_customer_owned_ip_on_launch": false,
            "map_public_ip_on_launch": true,
            "outpost_arn": "",
            "owner_id": "761014375856",
            "private_dns_hostname_type_on_launch": "ip-name",
            "tags": {
              "Environment": "Development",
              "Name": "SUB-PRIVATE-DATACOSMO-02",
              "Owner": "Breno Kevin Xavier Silva",
              "Tool": "Terraform"
            },
            "tags_all": {
              "Environment": "Development",
              "Name": "SUB-PRIVATE-DATACOSMO-02",
              "Owner": "Breno Kevin Xavier Silva",
              "Tool": "Terraform"
            },
            "timeouts": null,
            "vpc_id": "vpc-0f32bb98809d09932"
          },
          "sensitive_attributes": [],
          "private": "eyJlMmJmYjczMC1lY2FhLTExZTYtOGY4OC0zNDM2M2JjN2M0YzAiOnsiY3JlYXRlIjo2MDAwMDAwMDAwMDAsImRlbGV0ZSI6MTIwMDAwMDAwMDAwMH0sInNjaGVtYV92ZXJzaW9uIjoiMSJ9",
          "dependencies": [
            "module.vpc.aws_vpc.VPC-DATACOSMO"
          ]
        }
      ]
    },
    {
      "module": "module.subnet",
      "mode": "managed",
      "type": "aws_subnet",
      "name": "SUB-PUBLIC-DATACOSMO-01",
      "provider": "provider[\"registry.terraform.io/hashicorp/aws\"]",
      "instances": [
        {
          "schema_version": 1,
          "attributes": {
            "arn": "arn:aws:ec2:us-east-2:761014375856:subnet/subnet-0abc9f37eae065a18",
            "assign_ipv6_address_on_creation": false,
            "availability_zone": "us-east-2a",
            "availability_zone_id": "use2-az1",
            "cidr_block": "10.232.44.128/25",
            "customer_owned_ipv4_pool": "",
            "enable_dns64": false,
            "enable_lni_at_device_index": 0,
            "enable_resource_name_dns_a_record_on_launch": false,
            "enable_resource_name_dns_aaaa_record_on_launch": false,
            "id": "subnet-0abc9f37eae065a18",
            "ipv6_cidr_block": "",
            "ipv6_cidr_block_association_id": "",
            "ipv6_native": false,
            "map_customer_owned_ip_on_launch": false,
            "map_public_ip_on_launch": true,
            "outpost_arn": "",
            "owner_id": "761014375856",
            "private_dns_hostname_type_on_launch": "ip-name",
            "tags": {
              "Environment": "Development",
              "Name": "SUB-PUBLIC-DATACOSMO-01",
              "Owner": "Breno Kevin Xavier Silva",
              "Tool": "Terraform"
            },
            "tags_all": {
              "Environment": "Development",
              "Name": "SUB-PUBLIC-DATACOSMO-01",
              "Owner": "Breno Kevin Xavier Silva",
              "Tool": "Terraform"
            },
            "timeouts": null,
            "vpc_id": "vpc-0f32bb98809d09932"
          },
          "sensitive_attributes": [],
          "private": "eyJlMmJmYjczMC1lY2FhLTExZTYtOGY4OC0zNDM2M2JjN2M0YzAiOnsiY3JlYXRlIjo2MDAwMDAwMDAwMDAsImRlbGV0ZSI6MTIwMDAwMDAwMDAwMH0sInNjaGVtYV92ZXJzaW9uIjoiMSJ9",
          "dependencies": [
            "module.vpc.aws_vpc.VPC-DATACOSMO"
          ]
        }
      ]
    },
    {
      "module": "module.subnet",
      "mode": "managed",
      "type": "aws_subnet",
      "name": "SUB-PUBLIC-DATACOSMO-02",
      "provider": "provider[\"registry.terraform.io/hashicorp/aws\"]",
      "instances": [
        {
          "schema_version": 1,
          "attributes": {
            "arn": "arn:aws:ec2:us-east-2:761014375856:subnet/subnet-037faad860f2b041a",
            "assign_ipv6_address_on_creation": false,
            "availability_zone": "us-east-2b",
            "availability_zone_id": "use2-az2",
            "cidr_block": "10.232.44.0/25",
            "customer_owned_ipv4_pool": "",
            "enable_dns64": false,
            "enable_lni_at_device_index": 0,
            "enable_resource_name_dns_a_record_on_launch": false,
            "enable_resource_name_dns_aaaa_record_on_launch": false,
            "id": "subnet-037faad860f2b041a",
            "ipv6_cidr_block": "",
            "ipv6_cidr_block_association_id": "",
            "ipv6_native": false,
            "map_customer_owned_ip_on_launch": false,
            "map_public_ip_on_launch": true,
            "outpost_arn": "",
            "owner_id": "761014375856",
            "private_dns_hostname_type_on_launch": "ip-name",
            "tags": {
              "Environment": "Development",
              "Name": "SUB-PUBLIC-DATACOSMO-02",
              "Owner": "Breno Kevin Xavier Silva",
              "Tool": "Terraform"
            },
            "tags_all": {
              "Environment": "Development",
              "Name": "SUB-PUBLIC-DATACOSMO-02",
              "Owner": "Breno Kevin Xavier Silva",
              "Tool": "Terraform"
            },
            "timeouts": null,
            "vpc_id": "vpc-0f32bb98809d09932"
          },
          "sensitive_attributes": [],
          "private": "eyJlMmJmYjczMC1lY2FhLTExZTYtOGY4OC0zNDM2M2JjN2M0YzAiOnsiY3JlYXRlIjo2MDAwMDAwMDAwMDAsImRlbGV0ZSI6MTIwMDAwMDAwMDAwMH0sInNjaGVtYV92ZXJzaW9uIjoiMSJ9",
          "dependencies": [
            "module.vpc.aws_vpc.VPC-DATACOSMO"
          ]
        }
      ]
    },
    {
      "module": "module.vpc",
      "mode": "managed",
      "type": "aws_vpc",
      "name": "VPC-DATACOSMO",
      "provider": "provider[\"registry.terraform.io/hashicorp/aws\"]",
      "instances": [
        {
          "schema_version": 1,
          "attributes": {
            "arn": "arn:aws:ec2:us-east-2:761014375856:vpc/vpc-0f32bb98809d09932",
            "assign_generated_ipv6_cidr_block": false,
            "cidr_block": "10.232.44.0/22",
            "default_network_acl_id": "acl-0294607a467611372",
            "default_route_table_id": "rtb-0970b130fb0c9f2f4",
            "default_security_group_id": "sg-08833d77c31d253ae",
            "dhcp_options_id": "dopt-0a4cb96719e1422ab",
            "enable_dns_hostnames": true,
            "enable_dns_support": true,
            "enable_network_address_usage_metrics": false,
            "id": "vpc-0f32bb98809d09932",
            "instance_tenancy": "default",
            "ipv4_ipam_pool_id": null,
            "ipv4_netmask_length": null,
            "ipv6_association_id": "",
            "ipv6_cidr_block": "",
            "ipv6_cidr_block_network_border_group": "",
            "ipv6_ipam_pool_id": "",
            "ipv6_netmask_length": 0,
            "main_route_table_id": "rtb-0970b130fb0c9f2f4",
            "owner_id": "761014375856",
            "tags": {
              "Environment": "Development",
              "Name": "VPC-DATACOSMO",
              "Owner": "Breno Kevin Xavier Silva",
              "Tool": "Terraform"
            },
            "tags_all": {
              "Environment": "Development",
              "Name": "VPC-DATACOSMO",
              "Owner": "Breno Kevin Xavier Silva",
              "Tool": "Terraform"
            }
          },
          "sensitive_attributes": [],
          "private": "eyJzY2hlbWFfdmVyc2lvbiI6IjEifQ=="
        }
      ]
    }
  ],
  "check_results": null
}
